// !$*UTF8*$!
{
	archiveVersion = 1;
	classes = {
	};
	objectVersion = 77;
	objects = {

/* Begin PBXBuildFile section */
		3092E094A5E6F8B9D7A0348F /* POIProximityPopup.swift in Sources */ = {isa = PBXBuildFile; fileRef = B42A0E4E280EB6DC87CDCE04 /* POIProximityPopup.swift */; };
		44ACA1E4B2F68AAF641B3C3E /* POISearchManager.swift in Sources */ = {isa = PBXBuildFile; fileRef = 00D07D29FC143CD40F1E2317 /* POISearchManager.swift */; };
		E605D1002F030AA3003D9861 /* GoogleSignIn in Frameworks */ = {isa = PBXBuildFile; productRef = E605D0FF2F030AA3003D9861 /* GoogleSignIn */; };
		E605D1022F030AA3003D9861 /* GoogleSignInSwift in Frameworks */ = {isa = PBXBuildFile; productRef = E605D1012F030AA3003D9861 /* GoogleSignInSwift */; };
		E60C1BC52EFEABE3005E0B24 /* Supabase in Frameworks */ = {isa = PBXBuildFile; productRef = E60C1BC42EFEABE3005E0B24 /* Supabase */; };
		E62484F52F152D31001B6ABC /* ExplorationReward.swift in Sources */ = {isa = PBXBuildFile; fileRef = E62484F42F152D31001B6ABC /* ExplorationReward.swift */; };
		E62484F72F152D3B001B6ABC /* InventoryItem.swift in Sources */ = {isa = PBXBuildFile; fileRef = E62484F62F152D3B001B6ABC /* InventoryItem.swift */; };
		E62484F92F152D4D001B6ABC /* ExplorationManager.swift in Sources */ = {isa = PBXBuildFile; fileRef = E62484F82F152D4D001B6ABC /* ExplorationManager.swift */; };
		E62484FB2F152D59001B6ABC /* InventoryManager.swift in Sources */ = {isa = PBXBuildFile; fileRef = E62484FA2F152D59001B6ABC /* InventoryManager.swift */; };
		E62484FD2F152D66001B6ABC /* RewardGenerator.swift in Sources */ = {isa = PBXBuildFile; fileRef = E62484FC2F152D66001B6ABC /* RewardGenerator.swift */; };
		E6A8F0522F12C378002EE1DC /* Localizable.xcstrings in Resources */ = {isa = PBXBuildFile; fileRef = E6A8F0512F12C378002EE1DC /* Localizable.xcstrings */; };
		E6C38A9F2F12E046001005E9 /* EmptyStateView.swift in Sources */ = {isa = PBXBuildFile; fileRef = E6C38A9E2F12E046001005E9 /* EmptyStateView.swift */; };
		E6E50DB52F12898D0096D2BB /* ProfileTabView.swift in Sources */ = {isa = PBXBuildFile; fileRef = E6E50DAB2F12898D0096D2BB /* ProfileTabView.swift */; };
		E6E50DB62F12898D0096D2BB /* TerritoryLogger.swift in Sources */ = {isa = PBXBuildFile; fileRef = E6E50D9C2F12898D0096D2BB /* TerritoryLogger.swift */; };
		E6E50DB72F12898D0096D2BB /* PlaceholderView.swift in Sources */ = {isa = PBXBuildFile; fileRef = E6E50DA82F12898D0096D2BB /* PlaceholderView.swift */; };
		E6E50DB82F12898D0096D2BB /* Territory.swift in Sources */ = {isa = PBXBuildFile; fileRef = E6E50D9A2F12898D0096D2BB /* Territory.swift */; };
		E6E50DB92F12898D0096D2BB /* MoreTabView.swift in Sources */ = {isa = PBXBuildFile; fileRef = E6E50DA72F12898D0096D2BB /* MoreTabView.swift */; };
		E6E50DBA2F12898D0096D2BB /* TestMenuView.swift in Sources */ = {isa = PBXBuildFile; fileRef = E6E50DA12F12898D0096D2BB /* TestMenuView.swift */; };
		E6E50DBB2F12898D0096D2BB /* AuthManager.swift in Sources */ = {isa = PBXBuildFile; fileRef = E6E50D8D2F12898D0096D2BB /* AuthManager.swift */; };
		E6E50DBD2F12898D0096D2BB /* TestView.swift in Sources */ = {isa = PBXBuildFile; fileRef = E6E50DA22F12898D0096D2BB /* TestView.swift */; };
		E6E50DBE2F12898D0096D2BB /* ApocalypseTheme.swift in Sources */ = {isa = PBXBuildFile; fileRef = E6E50DA42F12898D0096D2BB /* ApocalypseTheme.swift */; };
		E6E50DC02F12898D0096D2BB /* LanguageManager.swift in Sources */ = {isa = PBXBuildFile; fileRef = E6E50D8E2F12898D0096D2BB /* LanguageManager.swift */; };
		E6E50DC12F12898D0096D2BB /* TerritoryTestView.swift in Sources */ = {isa = PBXBuildFile; fileRef = E6E50D9E2F12898D0096D2BB /* TerritoryTestView.swift */; };
		E6E50DC22F12898D0096D2BB /* TerritoryDetailView.swift in Sources */ = {isa = PBXBuildFile; fileRef = E6E50D9B2F12898D0096D2BB /* TerritoryDetailView.swift */; };
		E6E50DC32F12898D0096D2BB /* AppConfig.swift in Sources */ = {isa = PBXBuildFile; fileRef = E6E50D892F12898D0096D2BB /* AppConfig.swift */; };
		E6E50DC42F12898D0096D2BB /* CoordinateConverter.swift in Sources */ = {isa = PBXBuildFile; fileRef = E6E50D922F12898D0096D2BB /* CoordinateConverter.swift */; };
		E6E50DC62F12898D0096D2BB /* ResourcesTabView.swift in Sources */ = {isa = PBXBuildFile; fileRef = E6E50DAC2F12898D0096D2BB /* ResourcesTabView.swift */; };
		E6E50DC72F12898D0096D2BB /* CollisionModels.swift in Sources */ = {isa = PBXBuildFile; fileRef = E6E50DAF2F12898D0096D2BB /* CollisionModels.swift */; };
		E6E50DC82F12898D0096D2BB /* MainTabView.swift in Sources */ = {isa = PBXBuildFile; fileRef = E6E50D982F12898D0096D2BB /* MainTabView.swift */; };
		E6E50DC92F12898D0096D2BB /* EarthLordApp.swift in Sources */ = {isa = PBXBuildFile; fileRef = E6E50DB12F12898D0096D2BB /* EarthLordApp.swift */; };
		E6E50DCA2F12898D0096D2BB /* MapTabView.swift in Sources */ = {isa = PBXBuildFile; fileRef = E6E50D932F12898D0096D2BB /* MapTabView.swift */; };
		E6E50DCB2F12898D0096D2BB /* SupabaseTestView.swift in Sources */ = {isa = PBXBuildFile; fileRef = E6E50DA02F12898D0096D2BB /* SupabaseTestView.swift */; };
		E6E50DCC2F12898D0096D2BB /* TerritoryManager.swift in Sources */ = {isa = PBXBuildFile; fileRef = E6E50D902F12898D0096D2BB /* TerritoryManager.swift */; };
		E6E50DCE2F12898D0096D2BB /* LocationManager.swift in Sources */ = {isa = PBXBuildFile; fileRef = E6E50D8F2F12898D0096D2BB /* LocationManager.swift */; };
		E6E50DCF2F12898D0096D2BB /* TerritoryTabView.swift in Sources */ = {isa = PBXBuildFile; fileRef = E6E50D9D2F12898D0096D2BB /* TerritoryTabView.swift */; };
		E6E50DD02F12898D0096D2BB /* MapViewRepresentable.swift in Sources */ = {isa = PBXBuildFile; fileRef = E6E50D942F12898D0096D2BB /* MapViewRepresentable.swift */; };
		E6E50DD12F12898D0096D2BB /* AuthView.swift in Sources */ = {isa = PBXBuildFile; fileRef = E6E50D862F12898D0096D2BB /* AuthView.swift */; };
		E6E50DD32F12898D0096D2BB /* Assets.xcassets in Resources */ = {isa = PBXBuildFile; fileRef = E6E50DAE2F12898D0096D2BB /* Assets.xcassets */; };
		E6E50DD82F1298930096D2BB /* Item.swift in Sources */ = {isa = PBXBuildFile; fileRef = E6E50DD72F1298930096D2BB /* Item.swift */; };
		E6E50DDA2F1298D60096D2BB /* ExplorationModels.swift in Sources */ = {isa = PBXBuildFile; fileRef = E6E50DD92F1298D60096D2BB /* ExplorationModels.swift */; };
		E6E50DDC2F1299070096D2BB /* MockExplorationData.swift in Sources */ = {isa = PBXBuildFile; fileRef = E6E50DDB2F1299070096D2BB /* MockExplorationData.swift */; };
		FA99693DB6A11AED4CE78DEC /* ScavengeResultView.swift in Sources */ = {isa = PBXBuildFile; fileRef = 39C4C15132FF6CD03A3F9D9A /* ScavengeResultView.swift */; };
/* End PBXBuildFile section */

/* Begin PBXFileReference section */
		00D07D29FC143CD40F1E2317 /* POISearchManager.swift */ = {isa = PBXFileReference; includeInIndex = 1; lastKnownFileType = sourcecode.swift; name = POISearchManager.swift; path = EarthLord/Managers/POISearchManager.swift; sourceTree = "<group>"; };
		39C4C15132FF6CD03A3F9D9A /* ScavengeResultView.swift */ = {isa = PBXFileReference; includeInIndex = 1; lastKnownFileType = sourcecode.swift; name = ScavengeResultView.swift; path = EarthLord/Views/Exploration/ScavengeResultView.swift; sourceTree = "<group>"; };
		B42A0E4E280EB6DC87CDCE04 /* POIProximityPopup.swift */ = {isa = PBXFileReference; includeInIndex = 1; lastKnownFileType = sourcecode.swift; name = POIProximityPopup.swift; path = EarthLord/Views/Exploration/POIProximityPopup.swift; sourceTree = "<group>"; };
		E62484F42F152D31001B6ABC /* ExplorationReward.swift */ = {isa = PBXFileReference; lastKnownFileType = sourcecode.swift; path = ExplorationReward.swift; sourceTree = "<group>"; };
		E62484F62F152D3B001B6ABC /* InventoryItem.swift */ = {isa = PBXFileReference; lastKnownFileType = sourcecode.swift; path = InventoryItem.swift; sourceTree = "<group>"; };
		E62484F82F152D4D001B6ABC /* ExplorationManager.swift */ = {isa = PBXFileReference; lastKnownFileType = sourcecode.swift; path = ExplorationManager.swift; sourceTree = "<group>"; };
		E62484FA2F152D59001B6ABC /* InventoryManager.swift */ = {isa = PBXFileReference; lastKnownFileType = sourcecode.swift; path = InventoryManager.swift; sourceTree = "<group>"; };
		E62484FC2F152D66001B6ABC /* RewardGenerator.swift */ = {isa = PBXFileReference; lastKnownFileType = sourcecode.swift; path = RewardGenerator.swift; sourceTree = "<group>"; };
		E632AFC02F12BECD0098D5EC /* EarthLord.app */ = {isa = PBXFileReference; explicitFileType = wrapper.application; includeInIndex = 0; path = EarthLord.app; sourceTree = BUILT_PRODUCTS_DIR; };
		E6A8F0512F12C378002EE1DC /* Localizable.xcstrings */ = {isa = PBXFileReference; lastKnownFileType = text.json.xcstrings; path = Localizable.xcstrings; sourceTree = "<group>"; };
		E6C38A9E2F12E046001005E9 /* EmptyStateView.swift */ = {isa = PBXFileReference; lastKnownFileType = sourcecode.swift; path = EmptyStateView.swift; sourceTree = "<group>"; };
		E6E50D862F12898D0096D2BB /* AuthView.swift */ = {isa = PBXFileReference; lastKnownFileType = sourcecode.swift; path = AuthView.swift; sourceTree = "<group>"; };
		E6E50D892F12898D0096D2BB /* AppConfig.swift */ = {isa = PBXFileReference; lastKnownFileType = sourcecode.swift; path = AppConfig.swift; sourceTree = "<group>"; };
		E6E50D8D2F12898D0096D2BB /* AuthManager.swift */ = {isa = PBXFileReference; lastKnownFileType = sourcecode.swift; path = AuthManager.swift; sourceTree = "<group>"; };
		E6E50D8E2F12898D0096D2BB /* LanguageManager.swift */ = {isa = PBXFileReference; lastKnownFileType = sourcecode.swift; path = LanguageManager.swift; sourceTree = "<group>"; };
		E6E50D8F2F12898D0096D2BB /* LocationManager.swift */ = {isa = PBXFileReference; lastKnownFileType = sourcecode.swift; path = LocationManager.swift; sourceTree = "<group>"; };
		E6E50D902F12898D0096D2BB /* TerritoryManager.swift */ = {isa = PBXFileReference; lastKnownFileType = sourcecode.swift; path = TerritoryManager.swift; sourceTree = "<group>"; };
		E6E50D922F12898D0096D2BB /* CoordinateConverter.swift */ = {isa = PBXFileReference; lastKnownFileType = sourcecode.swift; path = CoordinateConverter.swift; sourceTree = "<group>"; };
		E6E50D932F12898D0096D2BB /* MapTabView.swift */ = {isa = PBXFileReference; lastKnownFileType = sourcecode.swift; path = MapTabView.swift; sourceTree = "<group>"; };
		E6E50D942F12898D0096D2BB /* MapViewRepresentable.swift */ = {isa = PBXFileReference; lastKnownFileType = sourcecode.swift; path = MapViewRepresentable.swift; sourceTree = "<group>"; };
		E6E50D982F12898D0096D2BB /* MainTabView.swift */ = {isa = PBXFileReference; lastKnownFileType = sourcecode.swift; path = MainTabView.swift; sourceTree = "<group>"; };
		E6E50D9A2F12898D0096D2BB /* Territory.swift */ = {isa = PBXFileReference; lastKnownFileType = sourcecode.swift; path = Territory.swift; sourceTree = "<group>"; };
		E6E50D9B2F12898D0096D2BB /* TerritoryDetailView.swift */ = {isa = PBXFileReference; lastKnownFileType = sourcecode.swift; path = TerritoryDetailView.swift; sourceTree = "<group>"; };
		E6E50D9C2F12898D0096D2BB /* TerritoryLogger.swift */ = {isa = PBXFileReference; lastKnownFileType = sourcecode.swift; path = TerritoryLogger.swift; sourceTree = "<group>"; };
		E6E50D9D2F12898D0096D2BB /* TerritoryTabView.swift */ = {isa = PBXFileReference; lastKnownFileType = sourcecode.swift; path = TerritoryTabView.swift; sourceTree = "<group>"; };
		E6E50D9E2F12898D0096D2BB /* TerritoryTestView.swift */ = {isa = PBXFileReference; lastKnownFileType = sourcecode.swift; path = TerritoryTestView.swift; sourceTree = "<group>"; };
		E6E50DA02F12898D0096D2BB /* SupabaseTestView.swift */ = {isa = PBXFileReference; lastKnownFileType = sourcecode.swift; path = SupabaseTestView.swift; sourceTree = "<group>"; };
		E6E50DA12F12898D0096D2BB /* TestMenuView.swift */ = {isa = PBXFileReference; lastKnownFileType = sourcecode.swift; path = TestMenuView.swift; sourceTree = "<group>"; };
		E6E50DA22F12898D0096D2BB /* TestView.swift */ = {isa = PBXFileReference; lastKnownFileType = sourcecode.swift; path = TestView.swift; sourceTree = "<group>"; };
		E6E50DA42F12898D0096D2BB /* ApocalypseTheme.swift */ = {isa = PBXFileReference; lastKnownFileType = sourcecode.swift; path = ApocalypseTheme.swift; sourceTree = "<group>"; };
		E6E50DA72F12898D0096D2BB /* MoreTabView.swift */ = {isa = PBXFileReference; lastKnownFileType = sourcecode.swift; path = MoreTabView.swift; sourceTree = "<group>"; };
		E6E50DA82F12898D0096D2BB /* PlaceholderView.swift */ = {isa = PBXFileReference; lastKnownFileType = sourcecode.swift; path = PlaceholderView.swift; sourceTree = "<group>"; };
		E6E50DAB2F12898D0096D2BB /* ProfileTabView.swift */ = {isa = PBXFileReference; lastKnownFileType = sourcecode.swift; path = ProfileTabView.swift; sourceTree = "<group>"; };
		E6E50DAC2F12898D0096D2BB /* ResourcesTabView.swift */ = {isa = PBXFileReference; lastKnownFileType = sourcecode.swift; path = ResourcesTabView.swift; sourceTree = "<group>"; };
		E6E50DAE2F12898D0096D2BB /* Assets.xcassets */ = {isa = PBXFileReference; lastKnownFileType = folder.assetcatalog; path = Assets.xcassets; sourceTree = "<group>"; };
		E6E50DAF2F12898D0096D2BB /* CollisionModels.swift */ = {isa = PBXFileReference; lastKnownFileType = sourcecode.swift; path = CollisionModels.swift; sourceTree = "<group>"; };
		E6E50DB02F12898D0096D2BB /* EarthLord.entitlements */ = {isa = PBXFileReference; lastKnownFileType = text.plist.entitlements; path = EarthLord.entitlements; sourceTree = "<group>"; };
		E6E50DB12F12898D0096D2BB /* EarthLordApp.swift */ = {isa = PBXFileReference; lastKnownFileType = sourcecode.swift; path = EarthLordApp.swift; sourceTree = "<group>"; };
		E6E50DB22F12898D0096D2BB /* Info.plist */ = {isa = PBXFileReference; lastKnownFileType = text.plist.xml; path = Info.plist; sourceTree = "<group>"; };
		E6E50DD72F1298930096D2BB /* Item.swift */ = {isa = PBXFileReference; lastKnownFileType = sourcecode.swift; path = Item.swift; sourceTree = "<group>"; };
		E6E50DD92F1298D60096D2BB /* ExplorationModels.swift */ = {isa = PBXFileReference; lastKnownFileType = sourcecode.swift; path = ExplorationModels.swift; sourceTree = "<group>"; };
		E6E50DDB2F1299070096D2BB /* MockExplorationData.swift */ = {isa = PBXFileReference; lastKnownFileType = sourcecode.swift; path = MockExplorationData.swift; sourceTree = "<group>"; };
/* End PBXFileReference section */

/* Begin PBXFileSystemSynchronizedRootGroup section */
		E6C38AA32F12E0A6001005E9 /* Exploration */ = {
			isa = PBXFileSystemSynchronizedRootGroup;
			exceptions = (
			);
			path = Exploration;
			sourceTree = "<group>";
		};
/* End PBXFileSystemSynchronizedRootGroup section */

/* Begin PBXFrameworksBuildPhase section */
		E62B8A632EFABFFF00FFC7A0 /* Frameworks */ = {
			isa = PBXFrameworksBuildPhase;
			buildActionMask = 2147483647;
			files = (
				E605D1022F030AA3003D9861 /* GoogleSignInSwift in Frameworks */,
				E60C1BC52EFEABE3005E0B24 /* Supabase in Frameworks */,
				E605D1002F030AA3003D9861 /* GoogleSignIn in Frameworks */,
			);
			runOnlyForDeploymentPostprocessing = 0;
		};
/* End PBXFrameworksBuildPhase section */

/* Begin PBXGroup section */
		96F6F30739E32D8DC94FE30C /* EarthLord */ = {
			isa = PBXGroup;
			children = (
				E002AC6F301C36C1D1022BFF /* Managers */,
				BF972DB9EE6D5D68A04DF4FA /* Views */,
			);
			name = EarthLord;
			sourceTree = "<group>";
		};
		BF972DB9EE6D5D68A04DF4FA /* Views */ = {
			isa = PBXGroup;
			children = (
				D1DAC85E6E0ACCBA47B72491 /* Exploration */,
			);
			name = Views;
			sourceTree = "<group>";
		};
		D1DAC85E6E0ACCBA47B72491 /* Exploration */ = {
			isa = PBXGroup;
			children = (
				B42A0E4E280EB6DC87CDCE04 /* POIProximityPopup.swift */,
				39C4C15132FF6CD03A3F9D9A /* ScavengeResultView.swift */,
			);
			name = Exploration;
			sourceTree = "<group>";
		};
		E002AC6F301C36C1D1022BFF /* Managers */ = {
			isa = PBXGroup;
			children = (
				00D07D29FC143CD40F1E2317 /* POISearchManager.swift */,
			);
			name = Managers;
			sourceTree = "<group>";
		};
		E62B8A5D2EFABFFF00FFC7A0 = {
			isa = PBXGroup;
			children = (
				E6A8F0512F12C378002EE1DC /* Localizable.xcstrings */,
				E6E50DB42F12898D0096D2BB /* EarthLord */,
				E632AFC02F12BECD0098D5EC /* EarthLord.app */,
				96F6F30739E32D8DC94FE30C /* EarthLord */,
			);
			sourceTree = "<group>";
		};
		E6E50D872F12898D0096D2BB /* Auth */ = {
			isa = PBXGroup;
			children = (
				E6E50D862F12898D0096D2BB /* AuthView.swift */,
			);
			path = Auth;
			sourceTree = "<group>";
		};
		E6E50D8A2F12898D0096D2BB /* Config */ = {
			isa = PBXGroup;
			children = (
				E6E50D892F12898D0096D2BB /* AppConfig.swift */,
			);
			path = Config;
			sourceTree = "<group>";
		};
		E6E50D8C2F12898D0096D2BB /* Exploration */ = {
			isa = PBXGroup;
			children = (
			);
			path = Exploration;
			sourceTree = "<group>";
		};
		E6E50D912F12898D0096D2BB /* Managers */ = {
			isa = PBXGroup;
			children = (
				E62484FA2F152D59001B6ABC /* InventoryManager.swift */,
				E62484FC2F152D66001B6ABC /* RewardGenerator.swift */,
				E62484F82F152D4D001B6ABC /* ExplorationManager.swift */,
				E6E50D8D2F12898D0096D2BB /* AuthManager.swift */,
				E6E50D8E2F12898D0096D2BB /* LanguageManager.swift */,
				E6E50D8F2F12898D0096D2BB /* LocationManager.swift */,
				E6E50D902F12898D0096D2BB /* TerritoryManager.swift */,
			);
			path = Managers;
			sourceTree = "<group>";
		};
		E6E50D952F12898D0096D2BB /* Map */ = {
			isa = PBXGroup;
			children = (
				E6E50D922F12898D0096D2BB /* CoordinateConverter.swift */,
				E6E50D932F12898D0096D2BB /* MapTabView.swift */,
				E6E50D942F12898D0096D2BB /* MapViewRepresentable.swift */,
			);
			path = Map;
			sourceTree = "<group>";
		};
		E6E50D992F12898D0096D2BB /* Tabs */ = {
			isa = PBXGroup;
			children = (
				E6E50D982F12898D0096D2BB /* MainTabView.swift */,
			);
			path = Tabs;
			sourceTree = "<group>";
		};
		E6E50D9F2F12898D0096D2BB /* Territory */ = {
			isa = PBXGroup;
			children = (
				E6E50D9A2F12898D0096D2BB /* Territory.swift */,
				E6E50D9B2F12898D0096D2BB /* TerritoryDetailView.swift */,
				E6E50D9C2F12898D0096D2BB /* TerritoryLogger.swift */,
				E6E50D9D2F12898D0096D2BB /* TerritoryTabView.swift */,
				E6E50D9E2F12898D0096D2BB /* TerritoryTestView.swift */,
			);
			path = Territory;
			sourceTree = "<group>";
		};
		E6E50DA32F12898D0096D2BB /* Test */ = {
			isa = PBXGroup;
			children = (
				E6E50DA02F12898D0096D2BB /* SupabaseTestView.swift */,
				E6E50DA12F12898D0096D2BB /* TestMenuView.swift */,
				E6E50DA22F12898D0096D2BB /* TestView.swift */,
			);
			path = Test;
			sourceTree = "<group>";
		};
		E6E50DA52F12898D0096D2BB /* Theme */ = {
			isa = PBXGroup;
			children = (
				E6E50DA42F12898D0096D2BB /* ApocalypseTheme.swift */,
			);
			path = Theme;
			sourceTree = "<group>";
		};
		E6E50DAD2F12898D0096D2BB /* Views */ = {
			isa = PBXGroup;
			children = (
				E6C38AA32F12E0A6001005E9 /* Exploration */,
				E6C38A9E2F12E046001005E9 /* EmptyStateView.swift */,
				E6E50DA72F12898D0096D2BB /* MoreTabView.swift */,
				E6E50DA82F12898D0096D2BB /* PlaceholderView.swift */,
				E6E50DAB2F12898D0096D2BB /* ProfileTabView.swift */,
				E6E50DAC2F12898D0096D2BB /* ResourcesTabView.swift */,
			);
			path = Views;
			sourceTree = "<group>";
		};
		E6E50DB42F12898D0096D2BB /* EarthLord */ = {
			isa = PBXGroup;
			children = (
				E6E50DD62F1298520096D2BB /* Models */,
				E6E50D872F12898D0096D2BB /* Auth */,
				E6E50D8A2F12898D0096D2BB /* Config */,
				E6E50D8C2F12898D0096D2BB /* Exploration */,
				E6E50D912F12898D0096D2BB /* Managers */,
				E6E50D952F12898D0096D2BB /* Map */,
				E6E50D992F12898D0096D2BB /* Tabs */,
				E6E50D9F2F12898D0096D2BB /* Territory */,
				E6E50DA32F12898D0096D2BB /* Test */,
				E6E50DA52F12898D0096D2BB /* Theme */,
				E6E50DAD2F12898D0096D2BB /* Views */,
				E6E50DAE2F12898D0096D2BB /* Assets.xcassets */,
				E6E50DAF2F12898D0096D2BB /* CollisionModels.swift */,
				E6E50DB02F12898D0096D2BB /* EarthLord.entitlements */,
				E6E50DB12F12898D0096D2BB /* EarthLordApp.swift */,
				E6E50DB22F12898D0096D2BB /* Info.plist */,
			);
			path = EarthLord;
			sourceTree = "<group>";
		};
		E6E50DD62F1298520096D2BB /* Models */ = {
			isa = PBXGroup;
			children = (
				E62484F62F152D3B001B6ABC /* InventoryItem.swift */,
				E62484F42F152D31001B6ABC /* ExplorationReward.swift */,
				E6E50DD72F1298930096D2BB /* Item.swift */,
				E6E50DD92F1298D60096D2BB /* ExplorationModels.swift */,
				E6E50DDB2F1299070096D2BB /* MockExplorationData.swift */,
			);
			path = Models;
			sourceTree = "<group>";
		};
/* End PBXGroup section */

/* Begin PBXNativeTarget section */
		E62B8A652EFABFFF00FFC7A0 /* EarthLord */ = {
			isa = PBXNativeTarget;
			buildConfigurationList = E62B8A712EFAC00100FFC7A0 /* Build configuration list for PBXNativeTarget "EarthLord" */;
			buildPhases = (
				E62B8A622EFABFFF00FFC7A0 /* Sources */,
				E62B8A632EFABFFF00FFC7A0 /* Frameworks */,
				E62B8A642EFABFFF00FFC7A0 /* Resources */,
			);
			buildRules = (
			);
			dependencies = (
			);
			fileSystemSynchronizedGroups = (
				E6C38AA32F12E0A6001005E9 /* Exploration */,
			);
			name = EarthLord;
			packageProductDependencies = (
				E60C1BC42EFEABE3005E0B24 /* Supabase */,
				E605D0FF2F030AA3003D9861 /* GoogleSignIn */,
				E605D1012F030AA3003D9861 /* GoogleSignInSwift */,
			);
			productName = EarthLord;
			productReference = E632AFC02F12BECD0098D5EC /* EarthLord.app */;
			productType = "com.apple.product-type.application";
		};
/* End PBXNativeTarget section */

/* Begin PBXProject section */
		E62B8A5E2EFABFFF00FFC7A0 /* Project object */ = {
			isa = PBXProject;
			attributes = {
				BuildIndependentTargetsInParallel = 1;
				LastSwiftUpdateCheck = 2610;
				LastUpgradeCheck = 2610;
				TargetAttributes = {
					E62B8A652EFABFFF00FFC7A0 = {
						CreatedOnToolsVersion = 26.1.1;
					};
				};
			};
			buildConfigurationList = E62B8A612EFABFFF00FFC7A0 /* Build configuration list for PBXProject "EarthLord" */;
			developmentRegion = "zh-Hans";
			hasScannedForEncodings = 0;
			knownRegions = (
				en,
				Base,
				"zh-Hans",
			);
			mainGroup = E62B8A5D2EFABFFF00FFC7A0;
			minimizedProjectReferenceProxies = 1;
			packageReferences = (
				E60C1BC32EFEABE3005E0B24 /* XCRemoteSwiftPackageReference "supabase-swift" */,
				E605D0FE2F030AA3003D9861 /* XCRemoteSwiftPackageReference "GoogleSignIn-iOS" */,
			);
			preferredProjectObjectVersion = 77;
			productRefGroup = E62B8A5D2EFABFFF00FFC7A0;
			projectDirPath = "";
			projectRoot = "";
			targets = (
				E62B8A652EFABFFF00FFC7A0 /* EarthLord */,
			);
		};
/* End PBXProject section */

/* Begin PBXResourcesBuildPhase section */
		E62B8A642EFABFFF00FFC7A0 /* Resources */ = {
			isa = PBXResourcesBuildPhase;
			buildActionMask = 2147483647;
			files = (
				E6A8F0522F12C378002EE1DC /* Localizable.xcstrings in Resources */,
				E6E50DD32F12898D0096D2BB /* Assets.xcassets in Resources */,
			);
			runOnlyForDeploymentPostprocessing = 0;
		};
/* End PBXResourcesBuildPhase section */

/* Begin PBXSourcesBuildPhase section */
		E62B8A622EFABFFF00FFC7A0 /* Sources */ = {
			isa = PBXSourcesBuildPhase;
			buildActionMask = 2147483647;
			files = (
				E6E50DB52F12898D0096D2BB /* ProfileTabView.swift in Sources */,
				E6E50DB62F12898D0096D2BB /* TerritoryLogger.swift in Sources */,
				E6E50DB72F12898D0096D2BB /* PlaceholderView.swift in Sources */,
				E6E50DB82F12898D0096D2BB /* Territory.swift in Sources */,
				E6E50DB92F12898D0096D2BB /* MoreTabView.swift in Sources */,
				E6E50DBA2F12898D0096D2BB /* TestMenuView.swift in Sources */,
				E6E50DBB2F12898D0096D2BB /* AuthManager.swift in Sources */,
				E6E50DBD2F12898D0096D2BB /* TestView.swift in Sources */,
				E6E50DBE2F12898D0096D2BB /* ApocalypseTheme.swift in Sources */,
				E62484F72F152D3B001B6ABC /* InventoryItem.swift in Sources */,
				E62484FB2F152D59001B6ABC /* InventoryManager.swift in Sources */,
				E6E50DD82F1298930096D2BB /* Item.swift in Sources */,
				E6E50DC02F12898D0096D2BB /* LanguageManager.swift in Sources */,
				E6E50DDC2F1299070096D2BB /* MockExplorationData.swift in Sources */,
				E6E50DC12F12898D0096D2BB /* TerritoryTestView.swift in Sources */,
				E62484F92F152D4D001B6ABC /* ExplorationManager.swift in Sources */,
				E6E50DC22F12898D0096D2BB /* TerritoryDetailView.swift in Sources */,
				E6E50DC32F12898D0096D2BB /* AppConfig.swift in Sources */,
				E6E50DC42F12898D0096D2BB /* CoordinateConverter.swift in Sources */,
				E6E50DC62F12898D0096D2BB /* ResourcesTabView.swift in Sources */,
				E6E50DC72F12898D0096D2BB /* CollisionModels.swift in Sources */,
				E6E50DC82F12898D0096D2BB /* MainTabView.swift in Sources */,
				E6E50DC92F12898D0096D2BB /* EarthLordApp.swift in Sources */,
				E62484FD2F152D66001B6ABC /* RewardGenerator.swift in Sources */,
				E6E50DCA2F12898D0096D2BB /* MapTabView.swift in Sources */,
				E6E50DCB2F12898D0096D2BB /* SupabaseTestView.swift in Sources */,
				E6C38A9F2F12E046001005E9 /* EmptyStateView.swift in Sources */,
				E6E50DCC2F12898D0096D2BB /* TerritoryManager.swift in Sources */,
				E6E50DCE2F12898D0096D2BB /* LocationManager.swift in Sources */,
				E6E50DCF2F12898D0096D2BB /* TerritoryTabView.swift in Sources */,
				E6E50DD02F12898D0096D2BB /* MapViewRepresentable.swift in Sources */,
				E6E50DD12F12898D0096D2BB /* AuthView.swift in Sources */,
				E6E50DDA2F1298D60096D2BB /* ExplorationModels.swift in Sources */,
				E62484F52F152D31001B6ABC /* ExplorationReward.swift in Sources */,
				44ACA1E4B2F68AAF641B3C3E /* POISearchManager.swift in Sources */,
				3092E094A5E6F8B9D7A0348F /* POIProximityPopup.swift in Sources */,
				FA99693DB6A11AED4CE78DEC /* ScavengeResultView.swift in Sources */,
			);
			runOnlyForDeploymentPostprocessing = 0;
		};
/* End PBXSourcesBuildPhase section */

/* Begin XCBuildConfiguration section */
		E62B8A6F2EFAC00100FFC7A0 /* Debug */ = {
			isa = XCBuildConfiguration;
			buildSettings = {
				ALWAYS_SEARCH_USER_PATHS = NO;
				ASSETCATALOG_COMPILER_GENERATE_SWIFT_ASSET_SYMBOL_EXTENSIONS = YES;
				CLANG_ANALYZER_NONNULL = YES;
				CLANG_ANALYZER_NUMBER_OBJECT_CONVERSION = YES_AGGRESSIVE;
				CLANG_CXX_LANGUAGE_STANDARD = "gnu++20";
				CLANG_ENABLE_MODULES = YES;
				CLANG_ENABLE_OBJC_ARC = YES;
				CLANG_ENABLE_OBJC_WEAK = YES;
				CLANG_WARN_BLOCK_CAPTURE_AUTORELEASING = YES;
				CLANG_WARN_BOOL_CONVERSION = YES;
				CLANG_WARN_COMMA = YES;
				CLANG_WARN_CONSTANT_CONVERSION = YES;
				CLANG_WARN_DEPRECATED_OBJC_IMPLEMENTATIONS = YES;
				CLANG_WARN_DIRECT_OBJC_ISA_USAGE = YES_ERROR;
				CLANG_WARN_DOCUMENTATION_COMMENTS = YES;
				CLANG_WARN_EMPTY_BODY = YES;
				CLANG_WARN_ENUM_CONVERSION = YES;
				CLANG_WARN_INFINITE_RECURSION = YES;
				CLANG_WARN_INT_CONVERSION = YES;
				CLANG_WARN_NON_LITERAL_NULL_CONVERSION = YES;
				CLANG_WARN_OBJC_IMPLICIT_RETAIN_SELF = YES;
				CLANG_WARN_OBJC_LITERAL_CONVERSION = YES;
				CLANG_WARN_OBJC_ROOT_CLASS = YES_ERROR;
				CLANG_WARN_QUOTED_INCLUDE_IN_FRAMEWORK_HEADER = YES;
				CLANG_WARN_RANGE_LOOP_ANALYSIS = YES;
				CLANG_WARN_STRICT_PROTOTYPES = YES;
				CLANG_WARN_SUSPICIOUS_MOVE = YES;
				CLANG_WARN_UNGUARDED_AVAILABILITY = YES_AGGRESSIVE;
				CLANG_WARN_UNREACHABLE_CODE = YES;
				CLANG_WARN__DUPLICATE_METHOD_MATCH = YES;
				COPY_PHASE_STRIP = NO;
				DEBUG_INFORMATION_FORMAT = dwarf;
				DEVELOPMENT_TEAM = 3BVN5YA2U5;
				ENABLE_STRICT_OBJC_MSGSEND = YES;
				ENABLE_TESTABILITY = YES;
				ENABLE_USER_SCRIPT_SANDBOXING = YES;
				GCC_C_LANGUAGE_STANDARD = gnu17;
				GCC_DYNAMIC_NO_PIC = NO;
				GCC_NO_COMMON_BLOCKS = YES;
				GCC_OPTIMIZATION_LEVEL = 0;
				GCC_PREPROCESSOR_DEFINITIONS = (
					"DEBUG=1",
					"$(inherited)",
				);
				GCC_WARN_64_TO_32_BIT_CONVERSION = YES;
				GCC_WARN_ABOUT_RETURN_TYPE = YES_ERROR;
				GCC_WARN_UNDECLARED_SELECTOR = YES;
				GCC_WARN_UNINITIALIZED_AUTOS = YES_AGGRESSIVE;
				GCC_WARN_UNUSED_FUNCTION = YES;
				GCC_WARN_UNUSED_VARIABLE = YES;
				IPHONEOS_DEPLOYMENT_TARGET = 26.1;
				LOCALIZATION_PREFERS_STRING_CATALOGS = YES;
				MTL_ENABLE_DEBUG_INFO = INCLUDE_SOURCE;
				MTL_FAST_MATH = YES;
				ONLY_ACTIVE_ARCH = YES;
				SDKROOT = iphoneos;
				SWIFT_ACTIVE_COMPILATION_CONDITIONS = "DEBUG $(inherited)";
				SWIFT_EMIT_LOC_STRINGS = YES;
				SWIFT_OPTIMIZATION_LEVEL = "-Onone";
			};
			name = Debug;
		};
		E62B8A702EFAC00100FFC7A0 /* Release */ = {
			isa = XCBuildConfiguration;
			buildSettings = {
				ALWAYS_SEARCH_USER_PATHS = NO;
				ASSETCATALOG_COMPILER_GENERATE_SWIFT_ASSET_SYMBOL_EXTENSIONS = YES;
				CLANG_ANALYZER_NONNULL = YES;
				CLANG_ANALYZER_NUMBER_OBJECT_CONVERSION = YES_AGGRESSIVE;
				CLANG_CXX_LANGUAGE_STANDARD = "gnu++20";
				CLANG_ENABLE_MODULES = YES;
				CLANG_ENABLE_OBJC_ARC = YES;
				CLANG_ENABLE_OBJC_WEAK = YES;
				CLANG_WARN_BLOCK_CAPTURE_AUTORELEASING = YES;
				CLANG_WARN_BOOL_CONVERSION = YES;
				CLANG_WARN_COMMA = YES;
				CLANG_WARN_CONSTANT_CONVERSION = YES;
				CLANG_WARN_DEPRECATED_OBJC_IMPLEMENTATIONS = YES;
				CLANG_WARN_DIRECT_OBJC_ISA_USAGE = YES_ERROR;
				CLANG_WARN_DOCUMENTATION_COMMENTS = YES;
				CLANG_WARN_EMPTY_BODY = YES;
				CLANG_WARN_ENUM_CONVERSION = YES;
				CLANG_WARN_INFINITE_RECURSION = YES;
				CLANG_WARN_INT_CONVERSION = YES;
				CLANG_WARN_NON_LITERAL_NULL_CONVERSION = YES;
				CLANG_WARN_OBJC_IMPLICIT_RETAIN_SELF = YES;
				CLANG_WARN_OBJC_LITERAL_CONVERSION = YES;
				CLANG_WARN_OBJC_ROOT_CLASS = YES_ERROR;
				CLANG_WARN_QUOTED_INCLUDE_IN_FRAMEWORK_HEADER = YES;
				CLANG_WARN_RANGE_LOOP_ANALYSIS = YES;
				CLANG_WARN_STRICT_PROTOTYPES = YES;
				CLANG_WARN_SUSPICIOUS_MOVE = YES;
				CLANG_WARN_UNGUARDED_AVAILABILITY = YES_AGGRESSIVE;
				CLANG_WARN_UNREACHABLE_CODE = YES;
				CLANG_WARN__DUPLICATE_METHOD_MATCH = YES;
				COPY_PHASE_STRIP = NO;
				DEBUG_INFORMATION_FORMAT = "dwarf-with-dsym";
				DEVELOPMENT_TEAM = 3BVN5YA2U5;
				ENABLE_NS_ASSERTIONS = NO;
				ENABLE_STRICT_OBJC_MSGSEND = YES;
				ENABLE_USER_SCRIPT_SANDBOXING = YES;
				GCC_C_LANGUAGE_STANDARD = gnu17;
				GCC_NO_COMMON_BLOCKS = YES;
				GCC_WARN_64_TO_32_BIT_CONVERSION = YES;
				GCC_WARN_ABOUT_RETURN_TYPE = YES_ERROR;
				GCC_WARN_UNDECLARED_SELECTOR = YES;
				GCC_WARN_UNINITIALIZED_AUTOS = YES_AGGRESSIVE;
				GCC_WARN_UNUSED_FUNCTION = YES;
				GCC_WARN_UNUSED_VARIABLE = YES;
				IPHONEOS_DEPLOYMENT_TARGET = 26.1;
				LOCALIZATION_PREFERS_STRING_CATALOGS = YES;
				MTL_ENABLE_DEBUG_INFO = NO;
				MTL_FAST_MATH = YES;
				SDKROOT = iphoneos;
				SWIFT_COMPILATION_MODE = wholemodule;
				SWIFT_EMIT_LOC_STRINGS = YES;
				VALIDATE_PRODUCT = YES;
			};
			name = Release;
		};
		E62B8A722EFAC00100FFC7A0 /* Debug */ = {
			isa = XCBuildConfiguration;
			buildSettings = {
				ASSETCATALOG_COMPILER_APPICON_NAME = AppIcon;
				ASSETCATALOG_COMPILER_GLOBAL_ACCENT_COLOR_NAME = AccentColor;
				CODE_SIGN_ENTITLEMENTS = EarthLord/EarthLord.entitlements;
				CODE_SIGN_STYLE = Automatic;
				CURRENT_PROJECT_VERSION = 1;
				DEVELOPMENT_TEAM = 3BVN5YA2U5;
				ENABLE_PREVIEWS = YES;
				GENERATE_INFOPLIST_FILE = YES;
				INFOPLIST_FILE = EarthLord/Info.plist;
				INFOPLIST_KEY_UIApplicationSceneManifest_Generation = YES;
				INFOPLIST_KEY_UIApplicationSupportsIndirectInputEvents = YES;
				INFOPLIST_KEY_UILaunchScreen_Generation = YES;
				INFOPLIST_KEY_UISupportedInterfaceOrientations_iPad = "UIInterfaceOrientationPortrait UIInterfaceOrientationPortraitUpsideDown UIInterfaceOrientationLandscapeLeft UIInterfaceOrientationLandscapeRight";
				INFOPLIST_KEY_UISupportedInterfaceOrientations_iPhone = "UIInterfaceOrientationPortrait UIInterfaceOrientationLandscapeLeft UIInterfaceOrientationLandscapeRight";
				LD_RUNPATH_SEARCH_PATHS = (
					"$(inherited)",
					"@executable_path/Frameworks",
				);
				MARKETING_VERSION = 1.0;
				PRODUCT_BUNDLE_IDENTIFIER = com.yuleira.EarthLord;
				PRODUCT_NAME = "$(TARGET_NAME)";
				STRING_CATALOG_GENERATE_SYMBOLS = YES;
				SWIFT_APPROACHABLE_CONCURRENCY = YES;
				SWIFT_DEFAULT_ACTOR_ISOLATION = MainActor;
				SWIFT_EMIT_LOC_STRINGS = YES;
				SWIFT_UPCOMING_FEATURE_MEMBER_IMPORT_VISIBILITY = YES;
				SWIFT_VERSION = 5.0;
				TARGETED_DEVICE_FAMILY = "1,2";
			};
			name = Debug;
		};
		E62B8A732EFAC00100FFC7A0 /* Release */ = {
			isa = XCBuildConfiguration;
			buildSettings = {
				ASSETCATALOG_COMPILER_APPICON_NAME = AppIcon;
				ASSETCATALOG_COMPILER_GLOBAL_ACCENT_COLOR_NAME = AccentColor;
				CODE_SIGN_ENTITLEMENTS = EarthLord/EarthLord.entitlements;
				CODE_SIGN_STYLE = Automatic;
				CURRENT_PROJECT_VERSION = 1;
				DEVELOPMENT_TEAM = 3BVN5YA2U5;
				ENABLE_PREVIEWS = YES;
				GENERATE_INFOPLIST_FILE = YES;
				INFOPLIST_FILE = EarthLord/Info.plist;
				INFOPLIST_KEY_UIApplicationSceneManifest_Generation = YES;
				INFOPLIST_KEY_UIApplicationSupportsIndirectInputEvents = YES;
				INFOPLIST_KEY_UILaunchScreen_Generation = YES;
				INFOPLIST_KEY_UISupportedInterfaceOrientations_iPad = "UIInterfaceOrientationPortrait UIInterfaceOrientationPortraitUpsideDown UIInterfaceOrientationLandscapeLeft UIInterfaceOrientationLandscapeRight";
				INFOPLIST_KEY_UISupportedInterfaceOrientations_iPhone = "UIInterfaceOrientationPortrait UIInterfaceOrientationLandscapeLeft UIInterfaceOrientationLandscapeRight";
				LD_RUNPATH_SEARCH_PATHS = (
					"$(inherited)",
					"@executable_path/Frameworks",
				);
				MARKETING_VERSION = 1.0;
				PRODUCT_BUNDLE_IDENTIFIER = com.yuleira.EarthLord;
				PRODUCT_NAME = "$(TARGET_NAME)";
				STRING_CATALOG_GENERATE_SYMBOLS = YES;
				SWIFT_APPROACHABLE_CONCURRENCY = YES;
				SWIFT_DEFAULT_ACTOR_ISOLATION = MainActor;
				SWIFT_EMIT_LOC_STRINGS = YES;
				SWIFT_UPCOMING_FEATURE_MEMBER_IMPORT_VISIBILITY = YES;
				SWIFT_VERSION = 5.0;
				TARGETED_DEVICE_FAMILY = "1,2";
			};
			name = Release;
		};
/* End XCBuildConfiguration section */

/* Begin XCConfigurationList section */
		E62B8A612EFABFFF00FFC7A0 /* Build configuration list for PBXProject "EarthLord" */ = {
			isa = XCConfigurationList;
			buildConfigurations = (
				E62B8A6F2EFAC00100FFC7A0 /* Debug */,
				E62B8A702EFAC00100FFC7A0 /* Release */,
			);
			defaultConfigurationIsVisible = 0;
			defaultConfigurationName = Release;
		};
		E62B8A712EFAC00100FFC7A0 /* Build configuration list for PBXNativeTarget "EarthLord" */ = {
			isa = XCConfigurationList;
			buildConfigurations = (
				E62B8A722EFAC00100FFC7A0 /* Debug */,
				E62B8A732EFAC00100FFC7A0 /* Release */,
			);
			defaultConfigurationIsVisible = 0;
			defaultConfigurationName = Release;
		};
/* End XCConfigurationList section */

/* Begin XCRemoteSwiftPackageReference section */
		E605D0FE2F030AA3003D9861 /* XCRemoteSwiftPackageReference "GoogleSignIn-iOS" */ = {
			isa = XCRemoteSwiftPackageReference;
			repositoryURL = "https://github.com/google/GoogleSignIn-iOS";
			requirement = {
				kind = upToNextMajorVersion;
				minimumVersion = 9.0.0;
			};
		};
		E60C1BC32EFEABE3005E0B24 /* XCRemoteSwiftPackageReference "supabase-swift" */ = {
			isa = XCRemoteSwiftPackageReference;
			repositoryURL = "https://github.com/supabase/supabase-swift";
			requirement = {
				kind = upToNextMajorVersion;
				minimumVersion = 2.5.1;
			};
		};
/* End XCRemoteSwiftPackageReference section */

/* Begin XCSwiftPackageProductDependency section */
		E605D0FF2F030AA3003D9861 /* GoogleSignIn */ = {
			isa = XCSwiftPackageProductDependency;
			package = E605D0FE2F030AA3003D9861 /* XCRemoteSwiftPackageReference "GoogleSignIn-iOS" */;
			productName = GoogleSignIn;
		};
		E605D1012F030AA3003D9861 /* GoogleSignInSwift */ = {
			isa = XCSwiftPackageProductDependency;
			package = E605D0FE2F030AA3003D9861 /* XCRemoteSwiftPackageReference "GoogleSignIn-iOS" */;
			productName = GoogleSignInSwift;
		};
		E60C1BC42EFEABE3005E0B24 /* Supabase */ = {
			isa = XCSwiftPackageProductDependency;
			package = E60C1BC32EFEABE3005E0B24 /* XCRemoteSwiftPackageReference "supabase-swift" */;
			productName = Supabase;
		};
/* End XCSwiftPackageProductDependency section */
	};
	rootObject = E62B8A5E2EFABFFF00FFC7A0 /* Project object */;
}
