// !$*UTF8*$!
{
	archiveVersion = 1;
	classes = {
	};
	objectVersion = 77;
	objects = {

/* Begin PBXBuildFile section */
		09168A96CE22B7A6E7B041B2 /* OfficialChannelDetailView.swift in Sources */ = {isa = PBXBuildFile; fileRef = CA4D321796A6FFFE6C2C4246 /* OfficialChannelDetailView.swift */; };
		26B7C68CBC4136248BA15DD4 /* MessageCenterView.swift in Sources */ = {isa = PBXBuildFile; fileRef = D3CB5E49A54A9630A0E62E50 /* MessageCenterView.swift */; };
		327387EF6837AB94B26C68DB /* DeviceManagementView.swift in Sources */ = {isa = PBXBuildFile; fileRef = BB0A50F7171387A7E2643C5F /* DeviceManagementView.swift */; };
		37F8CADDFEAFDEE2CD885F99 /* CommunicationManager.swift in Sources */ = {isa = PBXBuildFile; fileRef = C197EF10A33EBA4FDAD5EDC7 /* CommunicationManager.swift */; };
		3FCA99A3E75C61CE4DD6A1E0 /* CreateChannelSheet.swift in Sources */ = {isa = PBXBuildFile; fileRef = 8CD338B4F101D81EC4F14990 /* CreateChannelSheet.swift */; };
		44ACA1E4B2F68AAF641B3C3E /* POISearchManager.swift in Sources */ = {isa = PBXBuildFile; fileRef = 00D07D29FC143CD40F1E2317 /* POISearchManager.swift */; };
		647822728B82DE7BD51B1562 /* CommunicationTabView.swift in Sources */ = {isa = PBXBuildFile; fileRef = 8D4783E3E71E6AFA46A31FA8 /* CommunicationTabView.swift */; };
		75343A821E6D9B9EB1327ADD /* MessageRowView.swift in Sources */ = {isa = PBXBuildFile; fileRef = 0FD5BA2B77298E792E230915 /* MessageRowView.swift */; };
		7CEEAC80B0C02A773782A265 /* ChannelChatView.swift in Sources */ = {isa = PBXBuildFile; fileRef = 9837E678A4B84A48F946933C /* ChannelChatView.swift */; };
		8DB5513183F1830AC31DF510 /* ChannelCenterView.swift in Sources */ = {isa = PBXBuildFile; fileRef = 167B01229078B7FF37507795 /* ChannelCenterView.swift */; };
		9CC3F860DB8F8CF9825F10DD /* PlayerPresenceManager.swift in Sources */ = {isa = PBXBuildFile; fileRef = 0A45F63841D2AB4E5A2838C5 /* PlayerPresenceManager.swift */; };
		A1B2C3D40000000000000001 /* OnboardingView.swift in Sources */ = {isa = PBXBuildFile; fileRef = A1B2C3D40000000000000002 /* OnboardingView.swift */; };
		A1B2C3D40000000000000003 /* SplashVideoView.swift in Sources */ = {isa = PBXBuildFile; fileRef = A1B2C3D40000000000000004 /* SplashVideoView.swift */; };
		AD0AE0AE9B96B4DD9D657815 /* MessageDistanceFilter.swift in Sources */ = {isa = PBXBuildFile; fileRef = B09CE99C72797BC0211D7466 /* MessageDistanceFilter.swift */; };
		B3AF75D4EBA04AC381C94C25 /* DensityLevel.swift in Sources */ = {isa = PBXBuildFile; fileRef = EBA4B57D86AA4709948D4FF9 /* DensityLevel.swift */; };
		BB3433424D632A4571EFCBD6 /* ChannelListView.swift in Sources */ = {isa = PBXBuildFile; fileRef = 430F4CC11133F2D3E69DD09D /* ChannelListView.swift */; };
		BB9574D75C92F777BD307A14 /* AIItemGenerator.swift in Sources */ = {isa = PBXBuildFile; fileRef = A4DD4FD11BCB70FADC5ED58B /* AIItemGenerator.swift */; };
		CC60606032D9DFA15E698233 /* ChannelDetailView.swift in Sources */ = {isa = PBXBuildFile; fileRef = 3D9F15ACD7490D3FAD1398D9 /* ChannelDetailView.swift */; };
		DC44563DBC44356E1DB3A57B /* PTTCallView.swift in Sources */ = {isa = PBXBuildFile; fileRef = 691CD975EA07D0FF0F8D9033 /* PTTCallView.swift */; };
		E12826C2630064A684075057 /* CommunicationModels.swift in Sources */ = {isa = PBXBuildFile; fileRef = 90D675FCD7251DE2CB147DEA /* CommunicationModels.swift */; };
		E605D1002F030AA3003D9861 /* GoogleSignIn in Frameworks */ = {isa = PBXBuildFile; productRef = E605D0FF2F030AA3003D9861 /* GoogleSignIn */; };
		E605D1022F030AA3003D9861 /* GoogleSignInSwift in Frameworks */ = {isa = PBXBuildFile; productRef = E605D1012F030AA3003D9861 /* GoogleSignInSwift */; };
		E60C1BC52EFEABE3005E0B24 /* Supabase in Frameworks */ = {isa = PBXBuildFile; productRef = E60C1BC42EFEABE3005E0B24 /* Supabase */; };
		E61D7CB42F23A0730088DCB4 /* building_templates.json in Resources */ = {isa = PBXBuildFile; fileRef = E61D7CB22F23A0730088DCB4 /* building_templates.json */; };
		E62484F52F152D31001B6ABC /* ExplorationReward.swift in Sources */ = {isa = PBXBuildFile; fileRef = E62484F42F152D31001B6ABC /* ExplorationReward.swift */; };
		E62484F72F152D3B001B6ABC /* InventoryItem.swift in Sources */ = {isa = PBXBuildFile; fileRef = E62484F62F152D3B001B6ABC /* InventoryItem.swift */; };
		E62484F92F152D4D001B6ABC /* ExplorationManager.swift in Sources */ = {isa = PBXBuildFile; fileRef = E62484F82F152D4D001B6ABC /* ExplorationManager.swift */; };
		E62484FB2F152D59001B6ABC /* InventoryManager.swift in Sources */ = {isa = PBXBuildFile; fileRef = E62484FA2F152D59001B6ABC /* InventoryManager.swift */; };
		E62484FD2F152D66001B6ABC /* RewardGenerator.swift in Sources */ = {isa = PBXBuildFile; fileRef = E62484FC2F152D66001B6ABC /* RewardGenerator.swift */; };
		E66247752F250BC70094BEBF /* Localizable.xcstrings in Resources */ = {isa = PBXBuildFile; fileRef = E66247742F250BC70094BEBF /* Localizable.xcstrings */; };
		E68C12DB2F1A5983008967AA /* AIDebugView.swift in Sources */ = {isa = PBXBuildFile; fileRef = E68C12DA2F1A5983008967AA /* AIDebugView.swift */; };
		E69FA4362F1CEBB900E53528 /* BackpackView.swift in Sources */ = {isa = PBXBuildFile; fileRef = E69FA4312F1CEBB900E53528 /* BackpackView.swift */; };
		E69FA4372F1CEBB900E53528 /* ExplorationResultView.swift in Sources */ = {isa = PBXBuildFile; fileRef = E69FA4322F1CEBB900E53528 /* ExplorationResultView.swift */; };
		E69FA4382F1CEBB900E53528 /* POIListView.swift in Sources */ = {isa = PBXBuildFile; fileRef = E69FA4332F1CEBB900E53528 /* POIListView.swift */; };
		E69FA4392F1CEBB900E53528 /* POIProximityPopup.swift in Sources */ = {isa = PBXBuildFile; fileRef = E69FA4342F1CEBB900E53528 /* POIProximityPopup.swift */; };
		E69FA43A2F1CEBB900E53528 /* ScavengeResultView.swift in Sources */ = {isa = PBXBuildFile; fileRef = E69FA4352F1CEBB900E53528 /* ScavengeResultView.swift */; };
		E6A35D472F353B2800542D38 /* splash_intro.mp4 in Resources */ = {isa = PBXBuildFile; fileRef = E6A35D462F353B2700542D38 /* splash_intro.mp4 */; };
		E6AA77852F329C610083DE5C /* StoreKit.framework in Frameworks */ = {isa = PBXBuildFile; fileRef = E6AA77842F329C610083DE5C /* StoreKit.framework */; };
		E6AFAD6E2F22ACAC0058275D /* BuildingModels.swift in Sources */ = {isa = PBXBuildFile; fileRef = E6AFAD6D2F22ACAC0058275D /* BuildingModels.swift */; };
		E6AFAD702F22ACF50058275D /* BuildingManager.swift in Sources */ = {isa = PBXBuildFile; fileRef = E6AFAD6F2F22ACF50058275D /* BuildingManager.swift */; };
		E6AFAD722F22B2870058275D /* TerritoryMapView.swift in Sources */ = {isa = PBXBuildFile; fileRef = E6AFAD712F22B2870058275D /* TerritoryMapView.swift */; };
		E6AFAD742F22B2940058275D /* TerritoryToolbarView.swift in Sources */ = {isa = PBXBuildFile; fileRef = E6AFAD732F22B2940058275D /* TerritoryToolbarView.swift */; };
		E6AFAD762F22B31B0058275D /* RootView.swift in Sources */ = {isa = PBXBuildFile; fileRef = E6AFAD752F22B31B0058275D /* RootView.swift */; };
		E6AFAD832F22BD100058275D /* ResourceRow.swift in Sources */ = {isa = PBXBuildFile; fileRef = E6AFAD802F22BD100058275D /* ResourceRow.swift */; };
		E6AFAD842F22BD100058275D /* BuildingCard.swift in Sources */ = {isa = PBXBuildFile; fileRef = E6AFAD7C2F22BD100058275D /* BuildingCard.swift */; };
		E6AFAD852F22BD100058275D /* CategoryButton.swift in Sources */ = {isa = PBXBuildFile; fileRef = E6AFAD7F2F22BD100058275D /* CategoryButton.swift */; };
		E6AFAD862F22BD100058275D /* TerritoryBuildingRow.swift in Sources */ = {isa = PBXBuildFile; fileRef = E6AFAD812F22BD100058275D /* TerritoryBuildingRow.swift */; };
		E6AFAD872F22BD100058275D /* BuildingBrowserView.swift in Sources */ = {isa = PBXBuildFile; fileRef = E6AFAD7B2F22BD100058275D /* BuildingBrowserView.swift */; };
		E6AFAD882F22BD100058275D /* BuildingPlacementView.swift in Sources */ = {isa = PBXBuildFile; fileRef = E6AFAD7E2F22BD100058275D /* BuildingPlacementView.swift */; };
		E6AFAD892F22BD100058275D /* BuildingLocationPickerView.swift in Sources */ = {isa = PBXBuildFile; fileRef = E6AFAD7D2F22BD100058275D /* BuildingLocationPickerView.swift */; };
		E6C00BC42F28CDE200C6AB01 /* TradeModels.swift in Sources */ = {isa = PBXBuildFile; fileRef = E6C00BC32F28CDE200C6AB01 /* TradeModels.swift */; };
		E6C00BC62F28CE3D00C6AB01 /* TradeManager.swift in Sources */ = {isa = PBXBuildFile; fileRef = E6C00BC52F28CE3D00C6AB01 /* TradeManager.swift */; };
		E6C00BD42F28CE7F00C6AB01 /* TradeMarketView.swift in Sources */ = {isa = PBXBuildFile; fileRef = E6C00BD02F28CE7F00C6AB01 /* TradeMarketView.swift */; };
		E6C00BD52F28CE7F00C6AB01 /* MyOfferCard.swift in Sources */ = {isa = PBXBuildFile; fileRef = E6C00BCA2F28CE7F00C6AB01 /* MyOfferCard.swift */; };
		E6C00BD62F28CE7F00C6AB01 /* CreateTradeOfferView.swift in Sources */ = {isa = PBXBuildFile; fileRef = E6C00BC72F28CE7F00C6AB01 /* CreateTradeOfferView.swift */; };
		E6C00BD72F28CE7F00C6AB01 /* TradeItemRow.swift in Sources */ = {isa = PBXBuildFile; fileRef = E6C00BCF2F28CE7F00C6AB01 /* TradeItemRow.swift */; };
		E6C00BD82F28CE7F00C6AB01 /* MyOffersView.swift in Sources */ = {isa = PBXBuildFile; fileRef = E6C00BCB2F28CE7F00C6AB01 /* MyOffersView.swift */; };
		E6C00BD92F28CE7F00C6AB01 /* RateTradeSheet.swift in Sources */ = {isa = PBXBuildFile; fileRef = E6C00BCC2F28CE7F00C6AB01 /* RateTradeSheet.swift */; };
		E6C00BDA2F28CE7F00C6AB01 /* ItemPickerSheet.swift in Sources */ = {isa = PBXBuildFile; fileRef = E6C00BC82F28CE7F00C6AB01 /* ItemPickerSheet.swift */; };
		E6C00BDB2F28CE7F00C6AB01 /* TradeHistoryView.swift in Sources */ = {isa = PBXBuildFile; fileRef = E6C00BCE2F28CE7F00C6AB01 /* TradeHistoryView.swift */; };
		E6C00BDC2F28CE7F00C6AB01 /* TradeTabView.swift in Sources */ = {isa = PBXBuildFile; fileRef = E6C00BD22F28CE7F00C6AB01 /* TradeTabView.swift */; };
		E6C00BDD2F28CE7F00C6AB01 /* MarketOfferCard.swift in Sources */ = {isa = PBXBuildFile; fileRef = E6C00BC92F28CE7F00C6AB01 /* MarketOfferCard.swift */; };
		E6C00BDE2F28CE7F00C6AB01 /* TradeHistoryCard.swift in Sources */ = {isa = PBXBuildFile; fileRef = E6C00BCD2F28CE7F00C6AB01 /* TradeHistoryCard.swift */; };
		E6C00BDF2F28CE7F00C6AB01 /* TradeOfferDetailView.swift in Sources */ = {isa = PBXBuildFile; fileRef = E6C00BD12F28CE7F00C6AB01 /* TradeOfferDetailView.swift */; };
		E6C00C0F2F28D1C000C6AB01 /* SupabaseService.swift in Sources */ = {isa = PBXBuildFile; fileRef = E6C00C0E2F28D1C000C6AB01 /* SupabaseService.swift */; };
		E6C00C332F28E10F00C6AB01 /* TradeRPCParams.swift in Sources */ = {isa = PBXBuildFile; fileRef = E6C00C322F28E10F00C6AB01 /* TradeRPCParams.swift */; };
		E6C38A9F2F12E046001005E9 /* EmptyStateView.swift in Sources */ = {isa = PBXBuildFile; fileRef = E6C38A9E2F12E046001005E9 /* EmptyStateView.swift */; };
		E6E50DB52F12898D0096D2BB /* ProfileTabView.swift in Sources */ = {isa = PBXBuildFile; fileRef = E6E50DAB2F12898D0096D2BB /* ProfileTabView.swift */; };
		E6E50DB62F12898D0096D2BB /* TerritoryLogger.swift in Sources */ = {isa = PBXBuildFile; fileRef = E6E50D9C2F12898D0096D2BB /* TerritoryLogger.swift */; };
		E6E50DB72F12898D0096D2BB /* PlaceholderView.swift in Sources */ = {isa = PBXBuildFile; fileRef = E6E50DA82F12898D0096D2BB /* PlaceholderView.swift */; };
		E6E50DB82F12898D0096D2BB /* Territory.swift in Sources */ = {isa = PBXBuildFile; fileRef = E6E50D9A2F12898D0096D2BB /* Territory.swift */; };
		E6E50DBA2F12898D0096D2BB /* TestMenuView.swift in Sources */ = {isa = PBXBuildFile; fileRef = E6E50DA12F12898D0096D2BB /* TestMenuView.swift */; };
		E6E50DBB2F12898D0096D2BB /* AuthManager.swift in Sources */ = {isa = PBXBuildFile; fileRef = E6E50D8D2F12898D0096D2BB /* AuthManager.swift */; };
		E6E50DBD2F12898D0096D2BB /* TestView.swift in Sources */ = {isa = PBXBuildFile; fileRef = E6E50DA22F12898D0096D2BB /* TestView.swift */; };
		E6E50DBE2F12898D0096D2BB /* ApocalypseTheme.swift in Sources */ = {isa = PBXBuildFile; fileRef = E6E50DA42F12898D0096D2BB /* ApocalypseTheme.swift */; };
		E6E50DC02F12898D0096D2BB /* LanguageManager.swift in Sources */ = {isa = PBXBuildFile; fileRef = E6E50D8E2F12898D0096D2BB /* LanguageManager.swift */; };
		E6E50DC12F12898D0096D2BB /* TerritoryTestView.swift in Sources */ = {isa = PBXBuildFile; fileRef = E6E50D9E2F12898D0096D2BB /* TerritoryTestView.swift */; };
		E6E50DC22F12898D0096D2BB /* TerritoryDetailView.swift in Sources */ = {isa = PBXBuildFile; fileRef = E6E50D9B2F12898D0096D2BB /* TerritoryDetailView.swift */; };
		E6E50DC32F12898D0096D2BB /* AppConfig.swift in Sources */ = {isa = PBXBuildFile; fileRef = E6E50D892F12898D0096D2BB /* AppConfig.swift */; };
		E6E50DC42F12898D0096D2BB /* CoordinateConverter.swift in Sources */ = {isa = PBXBuildFile; fileRef = E6E50D922F12898D0096D2BB /* CoordinateConverter.swift */; };
		E6E50DC62F12898D0096D2BB /* ResourcesTabView.swift in Sources */ = {isa = PBXBuildFile; fileRef = E6E50DAC2F12898D0096D2BB /* ResourcesTabView.swift */; };
		E6E50DC72F12898D0096D2BB /* CollisionModels.swift in Sources */ = {isa = PBXBuildFile; fileRef = E6E50DAF2F12898D0096D2BB /* CollisionModels.swift */; };
		E6E50DC82F12898D0096D2BB /* MainTabView.swift in Sources */ = {isa = PBXBuildFile; fileRef = E6E50D982F12898D0096D2BB /* MainTabView.swift */; };
		E6E50DC92F12898D0096D2BB /* EarthLordApp.swift in Sources */ = {isa = PBXBuildFile; fileRef = E6E50DB12F12898D0096D2BB /* EarthLordApp.swift */; };
		E6E50DCA2F12898D0096D2BB /* MapTabView.swift in Sources */ = {isa = PBXBuildFile; fileRef = E6E50D932F12898D0096D2BB /* MapTabView.swift */; };
		E6E50DCB2F12898D0096D2BB /* SupabaseTestView.swift in Sources */ = {isa = PBXBuildFile; fileRef = E6E50DA02F12898D0096D2BB /* SupabaseTestView.swift */; };
		E6E50DCC2F12898D0096D2BB /* TerritoryManager.swift in Sources */ = {isa = PBXBuildFile; fileRef = E6E50D902F12898D0096D2BB /* TerritoryManager.swift */; };
		E6E50DCE2F12898D0096D2BB /* LocationManager.swift in Sources */ = {isa = PBXBuildFile; fileRef = E6E50D8F2F12898D0096D2BB /* LocationManager.swift */; };
		E6E50DCF2F12898D0096D2BB /* TerritoryTabView.swift in Sources */ = {isa = PBXBuildFile; fileRef = E6E50D9D2F12898D0096D2BB /* TerritoryTabView.swift */; };
		E6E50DD02F12898D0096D2BB /* MapViewRepresentable.swift in Sources */ = {isa = PBXBuildFile; fileRef = E6E50D942F12898D0096D2BB /* MapViewRepresentable.swift */; };
		E6E50DD12F12898D0096D2BB /* AuthView.swift in Sources */ = {isa = PBXBuildFile; fileRef = E6E50D862F12898D0096D2BB /* AuthView.swift */; };
		E6E50DD32F12898D0096D2BB /* Assets.xcassets in Resources */ = {isa = PBXBuildFile; fileRef = E6E50DAE2F12898D0096D2BB /* Assets.xcassets */; };
		E6E50DD82F1298930096D2BB /* Item.swift in Sources */ = {isa = PBXBuildFile; fileRef = E6E50DD72F1298930096D2BB /* Item.swift */; };
		E6E50DDA2F1298D60096D2BB /* ExplorationModels.swift in Sources */ = {isa = PBXBuildFile; fileRef = E6E50DD92F1298D60096D2BB /* ExplorationModels.swift */; };
		E6E50DDC2F1299070096D2BB /* MockExplorationData.swift in Sources */ = {isa = PBXBuildFile; fileRef = E6E50DDB2F1299070096D2BB /* MockExplorationData.swift */; };
		E6E50E012F12898D0096D2BB /* LocalizedString.swift in Sources */ = {isa = PBXBuildFile; fileRef = E6E50E002F12898D0096D2BB /* LocalizedString.swift */; };
		F744270E89F30AA0AFD83D5A /* CallsignSettingsSheet.swift in Sources */ = {isa = PBXBuildFile; fileRef = 2F274079912C58F7B842211C /* CallsignSettingsSheet.swift */; };
		F8FA3C425BD3B92FF9810F4E /* ProfileSettingsView.swift in Sources */ = {isa = PBXBuildFile; fileRef = 0D94A24A2F2B9DE1A622FB68 /* ProfileSettingsView.swift */; };
		ED1TPR0F1L2E00000000001A /* EditProfileView.swift in Sources */ = {isa = PBXBuildFile; fileRef = ED1TPR0F1L2E00000000001B /* EditProfileView.swift */; };
		F9D30270753ADA4325F4A2FD /* AIGeneratedItem.swift in Sources */ = {isa = PBXBuildFile; fileRef = 5C987D042E72C465043FA761 /* AIGeneratedItem.swift */; };
		STORE005A2F03000000000005 /* StoreKitManager.swift in Sources */ = {isa = PBXBuildFile; fileRef = STORE001A2F03000000000001 /* StoreKitManager.swift */; };
		STORE006A2F03000000000006 /* StoreView.swift in Sources */ = {isa = PBXBuildFile; fileRef = STORE002A2F03000000000002 /* StoreView.swift */; };
		STORE007A2F03000000000007 /* SubscriptionCard.swift in Sources */ = {isa = PBXBuildFile; fileRef = STORE003A2F03000000000003 /* SubscriptionCard.swift */; };
		STORE008A2F03000000000008 /* ProductRow.swift in Sources */ = {isa = PBXBuildFile; fileRef = STORE004A2F03000000000004 /* ProductRow.swift */; };
		STORE010A2F03000000000010 /* VaultView.swift in Sources */ = {isa = PBXBuildFile; fileRef = STORE011A2F03000000000011 /* VaultView.swift */; };
		STORE013A2F03000000000013 /* ProductDetailSheet.swift in Sources */ = {isa = PBXBuildFile; fileRef = STORE012A2F03000000000012 /* ProductDetailSheet.swift */; };
		INFOP001A2F04000000000001 /* InfoPlist.xcstrings in Resources */ = {isa = PBXBuildFile; fileRef = INFOP002A2F04000000000002 /* InfoPlist.xcstrings */; };
/* End PBXBuildFile section */

/* Begin PBXFileReference section */
		00D07D29FC143CD40F1E2317 /* POISearchManager.swift */ = {isa = PBXFileReference; includeInIndex = 1; lastKnownFileType = sourcecode.swift; path = POISearchManager.swift; sourceTree = "<group>"; };
		0A45F63841D2AB4E5A2838C5 /* PlayerPresenceManager.swift */ = {isa = PBXFileReference; includeInIndex = 1; lastKnownFileType = sourcecode.swift; path = PlayerPresenceManager.swift; sourceTree = "<group>"; };
		0D94A24A2F2B9DE1A622FB68 /* ProfileSettingsView.swift */ = {isa = PBXFileReference; lastKnownFileType = sourcecode.swift; path = ProfileSettingsView.swift; sourceTree = "<group>"; };
		ED1TPR0F1L2E00000000001B /* EditProfileView.swift */ = {isa = PBXFileReference; lastKnownFileType = sourcecode.swift; path = EditProfileView.swift; sourceTree = "<group>"; };
		0FD5BA2B77298E792E230915 /* MessageRowView.swift */ = {isa = PBXFileReference; includeInIndex = 1; lastKnownFileType = sourcecode.swift; path = MessageRowView.swift; sourceTree = "<group>"; };
		167B01229078B7FF37507795 /* ChannelCenterView.swift */ = {isa = PBXFileReference; includeInIndex = 1; lastKnownFileType = sourcecode.swift; path = ChannelCenterView.swift; sourceTree = "<group>"; };
		2F274079912C58F7B842211C /* CallsignSettingsSheet.swift */ = {isa = PBXFileReference; includeInIndex = 1; lastKnownFileType = sourcecode.swift; path = CallsignSettingsSheet.swift; sourceTree = "<group>"; };
		3D9F15ACD7490D3FAD1398D9 /* ChannelDetailView.swift */ = {isa = PBXFileReference; includeInIndex = 1; lastKnownFileType = sourcecode.swift; path = ChannelDetailView.swift; sourceTree = "<group>"; };
		430F4CC11133F2D3E69DD09D /* ChannelListView.swift */ = {isa = PBXFileReference; includeInIndex = 1; lastKnownFileType = sourcecode.swift; path = ChannelListView.swift; sourceTree = "<group>"; };
		5C987D042E72C465043FA761 /* AIGeneratedItem.swift */ = {isa = PBXFileReference; includeInIndex = 1; lastKnownFileType = sourcecode.swift; path = AIGeneratedItem.swift; sourceTree = "<group>"; };
		691CD975EA07D0FF0F8D9033 /* PTTCallView.swift */ = {isa = PBXFileReference; includeInIndex = 1; lastKnownFileType = sourcecode.swift; path = PTTCallView.swift; sourceTree = "<group>"; };
		8CD338B4F101D81EC4F14990 /* CreateChannelSheet.swift */ = {isa = PBXFileReference; includeInIndex = 1; lastKnownFileType = sourcecode.swift; path = CreateChannelSheet.swift; sourceTree = "<group>"; };
		8D4783E3E71E6AFA46A31FA8 /* CommunicationTabView.swift */ = {isa = PBXFileReference; includeInIndex = 1; lastKnownFileType = sourcecode.swift; path = CommunicationTabView.swift; sourceTree = "<group>"; };
		90D675FCD7251DE2CB147DEA /* CommunicationModels.swift */ = {isa = PBXFileReference; includeInIndex = 1; lastKnownFileType = sourcecode.swift; path = CommunicationModels.swift; sourceTree = "<group>"; };
		9837E678A4B84A48F946933C /* ChannelChatView.swift */ = {isa = PBXFileReference; includeInIndex = 1; lastKnownFileType = sourcecode.swift; path = ChannelChatView.swift; sourceTree = "<group>"; };
		A1B2C3D40000000000000002 /* OnboardingView.swift */ = {isa = PBXFileReference; lastKnownFileType = sourcecode.swift; path = OnboardingView.swift; sourceTree = "<group>"; };
		A1B2C3D40000000000000004 /* SplashVideoView.swift */ = {isa = PBXFileReference; lastKnownFileType = sourcecode.swift; path = SplashVideoView.swift; sourceTree = "<group>"; };
		A4DD4FD11BCB70FADC5ED58B /* AIItemGenerator.swift */ = {isa = PBXFileReference; includeInIndex = 1; lastKnownFileType = sourcecode.swift; path = AIItemGenerator.swift; sourceTree = "<group>"; };
		B09CE99C72797BC0211D7466 /* MessageDistanceFilter.swift */ = {isa = PBXFileReference; includeInIndex = 1; lastKnownFileType = sourcecode.swift; path = MessageDistanceFilter.swift; sourceTree = "<group>"; };
		BB0A50F7171387A7E2643C5F /* DeviceManagementView.swift */ = {isa = PBXFileReference; includeInIndex = 1; lastKnownFileType = sourcecode.swift; path = DeviceManagementView.swift; sourceTree = "<group>"; };
		C197EF10A33EBA4FDAD5EDC7 /* CommunicationManager.swift */ = {isa = PBXFileReference; includeInIndex = 1; lastKnownFileType = sourcecode.swift; path = CommunicationManager.swift; sourceTree = "<group>"; };
		CA4D321796A6FFFE6C2C4246 /* OfficialChannelDetailView.swift */ = {isa = PBXFileReference; includeInIndex = 1; lastKnownFileType = sourcecode.swift; path = OfficialChannelDetailView.swift; sourceTree = "<group>"; };
		D3CB5E49A54A9630A0E62E50 /* MessageCenterView.swift */ = {isa = PBXFileReference; includeInIndex = 1; lastKnownFileType = sourcecode.swift; path = MessageCenterView.swift; sourceTree = "<group>"; };
		E61D7CB22F23A0730088DCB4 /* building_templates.json */ = {isa = PBXFileReference; lastKnownFileType = text.json; path = building_templates.json; sourceTree = "<group>"; };
		E62484F42F152D31001B6ABC /* ExplorationReward.swift */ = {isa = PBXFileReference; lastKnownFileType = sourcecode.swift; path = ExplorationReward.swift; sourceTree = "<group>"; };
		E62484F62F152D3B001B6ABC /* InventoryItem.swift */ = {isa = PBXFileReference; lastKnownFileType = sourcecode.swift; path = InventoryItem.swift; sourceTree = "<group>"; };
		E62484F82F152D4D001B6ABC /* ExplorationManager.swift */ = {isa = PBXFileReference; lastKnownFileType = sourcecode.swift; path = ExplorationManager.swift; sourceTree = "<group>"; };
		E62484FA2F152D59001B6ABC /* InventoryManager.swift */ = {isa = PBXFileReference; lastKnownFileType = sourcecode.swift; path = InventoryManager.swift; sourceTree = "<group>"; };
		E62484FC2F152D66001B6ABC /* RewardGenerator.swift */ = {isa = PBXFileReference; lastKnownFileType = sourcecode.swift; path = RewardGenerator.swift; sourceTree = "<group>"; };
		E632AFC02F12BECD0098D5EC /* EarthLord.app */ = {isa = PBXFileReference; explicitFileType = wrapper.application; includeInIndex = 0; path = EarthLord.app; sourceTree = BUILT_PRODUCTS_DIR; };
		E66247742F250BC70094BEBF /* Localizable.xcstrings */ = {isa = PBXFileReference; lastKnownFileType = text.json.xcstrings; path = Localizable.xcstrings; sourceTree = "<group>"; };
		INFOP002A2F04000000000002 /* InfoPlist.xcstrings */ = {isa = PBXFileReference; lastKnownFileType = text.json.xcstrings; path = InfoPlist.xcstrings; sourceTree = "<group>"; };
		E68C12DA2F1A5983008967AA /* AIDebugView.swift */ = {isa = PBXFileReference; lastKnownFileType = sourcecode.swift; path = AIDebugView.swift; sourceTree = "<group>"; };
		E69FA4312F1CEBB900E53528 /* BackpackView.swift */ = {isa = PBXFileReference; lastKnownFileType = sourcecode.swift; path = BackpackView.swift; sourceTree = "<group>"; };
		E69FA4322F1CEBB900E53528 /* ExplorationResultView.swift */ = {isa = PBXFileReference; lastKnownFileType = sourcecode.swift; path = ExplorationResultView.swift; sourceTree = "<group>"; };
		E69FA4332F1CEBB900E53528 /* POIListView.swift */ = {isa = PBXFileReference; lastKnownFileType = sourcecode.swift; path = POIListView.swift; sourceTree = "<group>"; };
		E69FA4342F1CEBB900E53528 /* POIProximityPopup.swift */ = {isa = PBXFileReference; lastKnownFileType = sourcecode.swift; path = POIProximityPopup.swift; sourceTree = "<group>"; };
		E69FA4352F1CEBB900E53528 /* ScavengeResultView.swift */ = {isa = PBXFileReference; lastKnownFileType = sourcecode.swift; path = ScavengeResultView.swift; sourceTree = "<group>"; };
		E6A35D462F353B2700542D38 /* splash_intro.mp4 */ = {isa = PBXFileReference; lastKnownFileType = file; path = splash_intro.mp4; sourceTree = "<group>"; };
		E6AA77842F329C610083DE5C /* StoreKit.framework */ = {isa = PBXFileReference; lastKnownFileType = wrapper.framework; name = StoreKit.framework; path = System/Library/Frameworks/StoreKit.framework; sourceTree = SDKROOT; };
		E6AFAD6D2F22ACAC0058275D /* BuildingModels.swift */ = {isa = PBXFileReference; lastKnownFileType = sourcecode.swift; path = BuildingModels.swift; sourceTree = "<group>"; };
		E6AFAD6F2F22ACF50058275D /* BuildingManager.swift */ = {isa = PBXFileReference; lastKnownFileType = sourcecode.swift; path = BuildingManager.swift; sourceTree = "<group>"; };
		E6AFAD712F22B2870058275D /* TerritoryMapView.swift */ = {isa = PBXFileReference; lastKnownFileType = sourcecode.swift; path = TerritoryMapView.swift; sourceTree = "<group>"; };
		E6AFAD732F22B2940058275D /* TerritoryToolbarView.swift */ = {isa = PBXFileReference; lastKnownFileType = sourcecode.swift; path = TerritoryToolbarView.swift; sourceTree = "<group>"; };
		E6AFAD752F22B31B0058275D /* RootView.swift */ = {isa = PBXFileReference; lastKnownFileType = sourcecode.swift; path = RootView.swift; sourceTree = "<group>"; };
		E6AFAD7B2F22BD100058275D /* BuildingBrowserView.swift */ = {isa = PBXFileReference; lastKnownFileType = sourcecode.swift; path = BuildingBrowserView.swift; sourceTree = "<group>"; };
		E6AFAD7C2F22BD100058275D /* BuildingCard.swift */ = {isa = PBXFileReference; lastKnownFileType = sourcecode.swift; path = BuildingCard.swift; sourceTree = "<group>"; };
		E6AFAD7D2F22BD100058275D /* BuildingLocationPickerView.swift */ = {isa = PBXFileReference; lastKnownFileType = sourcecode.swift; path = BuildingLocationPickerView.swift; sourceTree = "<group>"; };
		E6AFAD7E2F22BD100058275D /* BuildingPlacementView.swift */ = {isa = PBXFileReference; lastKnownFileType = sourcecode.swift; path = BuildingPlacementView.swift; sourceTree = "<group>"; };
		E6AFAD7F2F22BD100058275D /* CategoryButton.swift */ = {isa = PBXFileReference; lastKnownFileType = sourcecode.swift; path = CategoryButton.swift; sourceTree = "<group>"; };
		E6AFAD802F22BD100058275D /* ResourceRow.swift */ = {isa = PBXFileReference; lastKnownFileType = sourcecode.swift; path = ResourceRow.swift; sourceTree = "<group>"; };
		E6AFAD812F22BD100058275D /* TerritoryBuildingRow.swift */ = {isa = PBXFileReference; lastKnownFileType = sourcecode.swift; path = TerritoryBuildingRow.swift; sourceTree = "<group>"; };
		E6C00BC32F28CDE200C6AB01 /* TradeModels.swift */ = {isa = PBXFileReference; lastKnownFileType = sourcecode.swift; path = TradeModels.swift; sourceTree = "<group>"; };
		E6C00BC52F28CE3D00C6AB01 /* TradeManager.swift */ = {isa = PBXFileReference; lastKnownFileType = sourcecode.swift; path = TradeManager.swift; sourceTree = "<group>"; };
		E6C00BC72F28CE7F00C6AB01 /* CreateTradeOfferView.swift */ = {isa = PBXFileReference; lastKnownFileType = sourcecode.swift; path = CreateTradeOfferView.swift; sourceTree = "<group>"; };
		E6C00BC82F28CE7F00C6AB01 /* ItemPickerSheet.swift */ = {isa = PBXFileReference; lastKnownFileType = sourcecode.swift; path = ItemPickerSheet.swift; sourceTree = "<group>"; };
		E6C00BC92F28CE7F00C6AB01 /* MarketOfferCard.swift */ = {isa = PBXFileReference; lastKnownFileType = sourcecode.swift; path = MarketOfferCard.swift; sourceTree = "<group>"; };
		E6C00BCA2F28CE7F00C6AB01 /* MyOfferCard.swift */ = {isa = PBXFileReference; lastKnownFileType = sourcecode.swift; path = MyOfferCard.swift; sourceTree = "<group>"; };
		E6C00BCB2F28CE7F00C6AB01 /* MyOffersView.swift */ = {isa = PBXFileReference; lastKnownFileType = sourcecode.swift; path = MyOffersView.swift; sourceTree = "<group>"; };
		E6C00BCC2F28CE7F00C6AB01 /* RateTradeSheet.swift */ = {isa = PBXFileReference; lastKnownFileType = sourcecode.swift; path = RateTradeSheet.swift; sourceTree = "<group>"; };
		E6C00BCD2F28CE7F00C6AB01 /* TradeHistoryCard.swift */ = {isa = PBXFileReference; lastKnownFileType = sourcecode.swift; path = TradeHistoryCard.swift; sourceTree = "<group>"; };
		E6C00BCE2F28CE7F00C6AB01 /* TradeHistoryView.swift */ = {isa = PBXFileReference; lastKnownFileType = sourcecode.swift; path = TradeHistoryView.swift; sourceTree = "<group>"; };
		E6C00BCF2F28CE7F00C6AB01 /* TradeItemRow.swift */ = {isa = PBXFileReference; lastKnownFileType = sourcecode.swift; path = TradeItemRow.swift; sourceTree = "<group>"; };
		E6C00BD02F28CE7F00C6AB01 /* TradeMarketView.swift */ = {isa = PBXFileReference; lastKnownFileType = sourcecode.swift; path = TradeMarketView.swift; sourceTree = "<group>"; };
		E6C00BD12F28CE7F00C6AB01 /* TradeOfferDetailView.swift */ = {isa = PBXFileReference; lastKnownFileType = sourcecode.swift; path = TradeOfferDetailView.swift; sourceTree = "<group>"; };
		E6C00BD22F28CE7F00C6AB01 /* TradeTabView.swift */ = {isa = PBXFileReference; lastKnownFileType = sourcecode.swift; path = TradeTabView.swift; sourceTree = "<group>"; };
		E6C00C0E2F28D1C000C6AB01 /* SupabaseService.swift */ = {isa = PBXFileReference; lastKnownFileType = sourcecode.swift; path = SupabaseService.swift; sourceTree = "<group>"; };
		E6C00C322F28E10F00C6AB01 /* TradeRPCParams.swift */ = {isa = PBXFileReference; lastKnownFileType = sourcecode.swift; path = TradeRPCParams.swift; sourceTree = "<group>"; };
		E6C38A9E2F12E046001005E9 /* EmptyStateView.swift */ = {isa = PBXFileReference; lastKnownFileType = sourcecode.swift; path = EmptyStateView.swift; sourceTree = "<group>"; };
		E6E50D862F12898D0096D2BB /* AuthView.swift */ = {isa = PBXFileReference; lastKnownFileType = sourcecode.swift; path = AuthView.swift; sourceTree = "<group>"; };
		E6E50D892F12898D0096D2BB /* AppConfig.swift */ = {isa = PBXFileReference; lastKnownFileType = sourcecode.swift; path = AppConfig.swift; sourceTree = "<group>"; };
		E6E50D8D2F12898D0096D2BB /* AuthManager.swift */ = {isa = PBXFileReference; lastKnownFileType = sourcecode.swift; path = AuthManager.swift; sourceTree = "<group>"; };
		E6E50D8E2F12898D0096D2BB /* LanguageManager.swift */ = {isa = PBXFileReference; lastKnownFileType = sourcecode.swift; path = LanguageManager.swift; sourceTree = "<group>"; };
		E6E50D8F2F12898D0096D2BB /* LocationManager.swift */ = {isa = PBXFileReference; lastKnownFileType = sourcecode.swift; path = LocationManager.swift; sourceTree = "<group>"; };
		E6E50D902F12898D0096D2BB /* TerritoryManager.swift */ = {isa = PBXFileReference; lastKnownFileType = sourcecode.swift; path = TerritoryManager.swift; sourceTree = "<group>"; };
		E6E50D922F12898D0096D2BB /* CoordinateConverter.swift */ = {isa = PBXFileReference; lastKnownFileType = sourcecode.swift; path = CoordinateConverter.swift; sourceTree = "<group>"; };
		E6E50D932F12898D0096D2BB /* MapTabView.swift */ = {isa = PBXFileReference; lastKnownFileType = sourcecode.swift; path = MapTabView.swift; sourceTree = "<group>"; };
		E6E50D942F12898D0096D2BB /* MapViewRepresentable.swift */ = {isa = PBXFileReference; lastKnownFileType = sourcecode.swift; path = MapViewRepresentable.swift; sourceTree = "<group>"; };
		E6E50D982F12898D0096D2BB /* MainTabView.swift */ = {isa = PBXFileReference; lastKnownFileType = sourcecode.swift; path = MainTabView.swift; sourceTree = "<group>"; };
		E6E50D9A2F12898D0096D2BB /* Territory.swift */ = {isa = PBXFileReference; lastKnownFileType = sourcecode.swift; path = Territory.swift; sourceTree = "<group>"; };
		E6E50D9B2F12898D0096D2BB /* TerritoryDetailView.swift */ = {isa = PBXFileReference; lastKnownFileType = sourcecode.swift; path = TerritoryDetailView.swift; sourceTree = "<group>"; };
		E6E50D9C2F12898D0096D2BB /* TerritoryLogger.swift */ = {isa = PBXFileReference; lastKnownFileType = sourcecode.swift; path = TerritoryLogger.swift; sourceTree = "<group>"; };
		E6E50D9D2F12898D0096D2BB /* TerritoryTabView.swift */ = {isa = PBXFileReference; lastKnownFileType = sourcecode.swift; path = TerritoryTabView.swift; sourceTree = "<group>"; };
		E6E50D9E2F12898D0096D2BB /* TerritoryTestView.swift */ = {isa = PBXFileReference; lastKnownFileType = sourcecode.swift; path = TerritoryTestView.swift; sourceTree = "<group>"; };
		E6E50DA02F12898D0096D2BB /* SupabaseTestView.swift */ = {isa = PBXFileReference; lastKnownFileType = sourcecode.swift; path = SupabaseTestView.swift; sourceTree = "<group>"; };
		E6E50DA12F12898D0096D2BB /* TestMenuView.swift */ = {isa = PBXFileReference; lastKnownFileType = sourcecode.swift; path = TestMenuView.swift; sourceTree = "<group>"; };
		E6E50DA22F12898D0096D2BB /* TestView.swift */ = {isa = PBXFileReference; lastKnownFileType = sourcecode.swift; path = TestView.swift; sourceTree = "<group>"; };
		E6E50DA42F12898D0096D2BB /* ApocalypseTheme.swift */ = {isa = PBXFileReference; lastKnownFileType = sourcecode.swift; path = ApocalypseTheme.swift; sourceTree = "<group>"; };
		E6E50DA82F12898D0096D2BB /* PlaceholderView.swift */ = {isa = PBXFileReference; lastKnownFileType = sourcecode.swift; path = PlaceholderView.swift; sourceTree = "<group>"; };
		E6E50DAB2F12898D0096D2BB /* ProfileTabView.swift */ = {isa = PBXFileReference; lastKnownFileType = sourcecode.swift; path = ProfileTabView.swift; sourceTree = "<group>"; };
		E6E50DAC2F12898D0096D2BB /* ResourcesTabView.swift */ = {isa = PBXFileReference; lastKnownFileType = sourcecode.swift; path = ResourcesTabView.swift; sourceTree = "<group>"; };
		E6E50DAE2F12898D0096D2BB /* Assets.xcassets */ = {isa = PBXFileReference; lastKnownFileType = folder.assetcatalog; path = Assets.xcassets; sourceTree = "<group>"; };
		E6E50DAF2F12898D0096D2BB /* CollisionModels.swift */ = {isa = PBXFileReference; lastKnownFileType = sourcecode.swift; path = CollisionModels.swift; sourceTree = "<group>"; };
		E6E50DB02F12898D0096D2BB /* EarthLord.entitlements */ = {isa = PBXFileReference; lastKnownFileType = text.plist.entitlements; path = EarthLord.entitlements; sourceTree = "<group>"; };
		E6E50DB12F12898D0096D2BB /* EarthLordApp.swift */ = {isa = PBXFileReference; lastKnownFileType = sourcecode.swift; path = EarthLordApp.swift; sourceTree = "<group>"; };
		E6E50DB22F12898D0096D2BB /* Info.plist */ = {isa = PBXFileReference; lastKnownFileType = text.plist.xml; path = Info.plist; sourceTree = "<group>"; };
		E6E50DD72F1298930096D2BB /* Item.swift */ = {isa = PBXFileReference; lastKnownFileType = sourcecode.swift; path = Item.swift; sourceTree = "<group>"; };
		E6E50DD92F1298D60096D2BB /* ExplorationModels.swift */ = {isa = PBXFileReference; lastKnownFileType = sourcecode.swift; path = ExplorationModels.swift; sourceTree = "<group>"; };
		E6E50DDB2F1299070096D2BB /* MockExplorationData.swift */ = {isa = PBXFileReference; lastKnownFileType = sourcecode.swift; path = MockExplorationData.swift; sourceTree = "<group>"; };
		E6E50E002F12898D0096D2BB /* LocalizedString.swift */ = {isa = PBXFileReference; lastKnownFileType = sourcecode.swift; path = LocalizedString.swift; sourceTree = "<group>"; };
		EBA4B57D86AA4709948D4FF9 /* DensityLevel.swift */ = {isa = PBXFileReference; lastKnownFileType = sourcecode.swift; path = DensityLevel.swift; sourceTree = "<group>"; };
		STORE000A2F03000000000000 /* Products.storekit */ = {isa = PBXFileReference; lastKnownFileType = text.json; path = Products.storekit; sourceTree = "<group>"; };
		STORE001A2F03000000000001 /* StoreKitManager.swift */ = {isa = PBXFileReference; lastKnownFileType = sourcecode.swift; path = StoreKitManager.swift; sourceTree = "<group>"; };
		STORE002A2F03000000000002 /* StoreView.swift */ = {isa = PBXFileReference; lastKnownFileType = sourcecode.swift; path = StoreView.swift; sourceTree = "<group>"; };
		STORE003A2F03000000000003 /* SubscriptionCard.swift */ = {isa = PBXFileReference; lastKnownFileType = sourcecode.swift; path = SubscriptionCard.swift; sourceTree = "<group>"; };
		STORE004A2F03000000000004 /* ProductRow.swift */ = {isa = PBXFileReference; lastKnownFileType = sourcecode.swift; path = ProductRow.swift; sourceTree = "<group>"; };
		STORE011A2F03000000000011 /* VaultView.swift */ = {isa = PBXFileReference; lastKnownFileType = sourcecode.swift; path = VaultView.swift; sourceTree = "<group>"; };
		STORE012A2F03000000000012 /* ProductDetailSheet.swift */ = {isa = PBXFileReference; lastKnownFileType = sourcecode.swift; path = ProductDetailSheet.swift; sourceTree = "<group>"; };
/* End PBXFileReference section */

/* Begin PBXFileSystemSynchronizedRootGroup section */
		E6422F2E2F22422F00610E97 /* Docs */ = {
			isa = PBXFileSystemSynchronizedRootGroup;
			path = Docs;
			sourceTree = "<group>";
		};
/* End PBXFileSystemSynchronizedRootGroup section */

/* Begin PBXFrameworksBuildPhase section */
		E62B8A632EFABFFF00FFC7A0 /* Frameworks */ = {
			isa = PBXFrameworksBuildPhase;
			buildActionMask = 2147483647;
			files = (
				E605D1022F030AA3003D9861 /* GoogleSignInSwift in Frameworks */,
				E60C1BC52EFEABE3005E0B24 /* Supabase in Frameworks */,
				E605D1002F030AA3003D9861 /* GoogleSignIn in Frameworks */,
				E6AA77852F329C610083DE5C /* StoreKit.framework in Frameworks */,
			);
			runOnlyForDeploymentPostprocessing = 0;
		};
/* End PBXFrameworksBuildPhase section */

/* Begin PBXGroup section */
		0018900ACD06501D2B3FB6E4 /* Tabs */ = {
			isa = PBXGroup;
			children = (
				8D4783E3E71E6AFA46A31FA8 /* CommunicationTabView.swift */,
			);
			path = Tabs;
			sourceTree = "<group>";
		};
		E61D7CB32F23A0730088DCB4 /* Resources */ = {
			isa = PBXGroup;
			children = (
				E61D7CB22F23A0730088DCB4 /* building_templates.json */,
			);
			path = Resources;
			sourceTree = "<group>";
		};
		E62B8A5D2EFABFFF00FFC7A0 = {
			isa = PBXGroup;
			children = (
				E6A35D462F353B2700542D38 /* splash_intro.mp4 */,
				STORE000A2F03000000000000 /* Products.storekit */,
				E66247742F250BC70094BEBF /* Localizable.xcstrings */,
				E632AFC02F12BECD0098D5EC /* EarthLord.app */,
				E6422F2E2F22422F00610E97 /* Docs */,
				E6E50DB42F12898D0096D2BB /* EarthLord */,
				E6AA77832F329C610083DE5C /* Frameworks */,
			);
			sourceTree = "<group>";
		};
		E6AA77832F329C610083DE5C /* Frameworks */ = {
			isa = PBXGroup;
			children = (
				E6AA77842F329C610083DE5C /* StoreKit.framework */,
			);
			name = Frameworks;
			sourceTree = "<group>";
		};
		E6AFAD822F22BD100058275D /* Building */ = {
			isa = PBXGroup;
			children = (
				E6AFAD7B2F22BD100058275D /* BuildingBrowserView.swift */,
				E6AFAD7C2F22BD100058275D /* BuildingCard.swift */,
				E6AFAD7D2F22BD100058275D /* BuildingLocationPickerView.swift */,
				E6AFAD7E2F22BD100058275D /* BuildingPlacementView.swift */,
				E6AFAD7F2F22BD100058275D /* CategoryButton.swift */,
				E6AFAD802F22BD100058275D /* ResourceRow.swift */,
				E6AFAD812F22BD100058275D /* TerritoryBuildingRow.swift */,
			);
			path = Building;
			sourceTree = "<group>";
		};
		E6C00BD32F28CE7F00C6AB01 /* Trade */ = {
			isa = PBXGroup;
			children = (
				E6C00BC72F28CE7F00C6AB01 /* CreateTradeOfferView.swift */,
				E6C00BC82F28CE7F00C6AB01 /* ItemPickerSheet.swift */,
				E6C00BC92F28CE7F00C6AB01 /* MarketOfferCard.swift */,
				E6C00BCA2F28CE7F00C6AB01 /* MyOfferCard.swift */,
				E6C00BCB2F28CE7F00C6AB01 /* MyOffersView.swift */,
				E6C00BCC2F28CE7F00C6AB01 /* RateTradeSheet.swift */,
				E6C00BCD2F28CE7F00C6AB01 /* TradeHistoryCard.swift */,
				E6C00BCE2F28CE7F00C6AB01 /* TradeHistoryView.swift */,
				E6C00BCF2F28CE7F00C6AB01 /* TradeItemRow.swift */,
				E6C00BD02F28CE7F00C6AB01 /* TradeMarketView.swift */,
				E6C00BD12F28CE7F00C6AB01 /* TradeOfferDetailView.swift */,
				E6C00BD22F28CE7F00C6AB01 /* TradeTabView.swift */,
			);
			path = Trade;
			sourceTree = "<group>";
		};
		E6E50D872F12898D0096D2BB /* Auth */ = {
			isa = PBXGroup;
			children = (
				E6E50D862F12898D0096D2BB /* AuthView.swift */,
			);
			path = Auth;
			sourceTree = "<group>";
		};
		E6E50D8A2F12898D0096D2BB /* Config */ = {
			isa = PBXGroup;
			children = (
				E6E50D892F12898D0096D2BB /* AppConfig.swift */,
			);
			path = Config;
			sourceTree = "<group>";
		};
		E6E50D8C2F12898D0096D2BB /* Exploration */ = {
			isa = PBXGroup;
			children = (
				E69FA4312F1CEBB900E53528 /* BackpackView.swift */,
				E69FA4322F1CEBB900E53528 /* ExplorationResultView.swift */,
				E69FA4332F1CEBB900E53528 /* POIListView.swift */,
				E69FA4342F1CEBB900E53528 /* POIProximityPopup.swift */,
				E69FA4352F1CEBB900E53528 /* ScavengeResultView.swift */,
			);
			path = Exploration;
			sourceTree = "<group>";
		};
		E6E50D912F12898D0096D2BB /* Managers */ = {
			isa = PBXGroup;
			children = (
				E6C00BC52F28CE3D00C6AB01 /* TradeManager.swift */,
				E6AFAD6F2F22ACF50058275D /* BuildingManager.swift */,
				E62484FA2F152D59001B6ABC /* InventoryManager.swift */,
				E62484FC2F152D66001B6ABC /* RewardGenerator.swift */,
				E62484F82F152D4D001B6ABC /* ExplorationManager.swift */,
				E6E50D8D2F12898D0096D2BB /* AuthManager.swift */,
				E6E50D8E2F12898D0096D2BB /* LanguageManager.swift */,
				E6E50E002F12898D0096D2BB /* LocalizedString.swift */,
				E6E50D8F2F12898D0096D2BB /* LocationManager.swift */,
				E6E50D902F12898D0096D2BB /* TerritoryManager.swift */,
				A4DD4FD11BCB70FADC5ED58B /* AIItemGenerator.swift */,
				00D07D29FC143CD40F1E2317 /* POISearchManager.swift */,
				0A45F63841D2AB4E5A2838C5 /* PlayerPresenceManager.swift */,
				E6C00C0E2F28D1C000C6AB01 /* SupabaseService.swift */,
				C197EF10A33EBA4FDAD5EDC7 /* CommunicationManager.swift */,
				B09CE99C72797BC0211D7466 /* MessageDistanceFilter.swift */,
				STORE001A2F03000000000001 /* StoreKitManager.swift */,
			);
			path = Managers;
			sourceTree = "<group>";
		};
		E6E50D952F12898D0096D2BB /* Map */ = {
			isa = PBXGroup;
			children = (
				E6E50D922F12898D0096D2BB /* CoordinateConverter.swift */,
				E6E50D932F12898D0096D2BB /* MapTabView.swift */,
				E6E50D942F12898D0096D2BB /* MapViewRepresentable.swift */,
			);
			path = Map;
			sourceTree = "<group>";
		};
		E6E50D992F12898D0096D2BB /* Tabs */ = {
			isa = PBXGroup;
			children = (
				E6E50D982F12898D0096D2BB /* MainTabView.swift */,
			);
			path = Tabs;
			sourceTree = "<group>";
		};
		E6E50D9F2F12898D0096D2BB /* Territory */ = {
			isa = PBXGroup;
			children = (
				E6AFAD732F22B2940058275D /* TerritoryToolbarView.swift */,
				E6AFAD712F22B2870058275D /* TerritoryMapView.swift */,
				E6E50D9A2F12898D0096D2BB /* Territory.swift */,
				E6E50D9B2F12898D0096D2BB /* TerritoryDetailView.swift */,
				E6E50D9C2F12898D0096D2BB /* TerritoryLogger.swift */,
				E6E50D9D2F12898D0096D2BB /* TerritoryTabView.swift */,
				E6E50D9E2F12898D0096D2BB /* TerritoryTestView.swift */,
			);
			path = Territory;
			sourceTree = "<group>";
		};
		E6E50DA32F12898D0096D2BB /* Test */ = {
			isa = PBXGroup;
			children = (
				E68C12DA2F1A5983008967AA /* AIDebugView.swift */,
				E6E50DA02F12898D0096D2BB /* SupabaseTestView.swift */,
				E6E50DA12F12898D0096D2BB /* TestMenuView.swift */,
				E6E50DA22F12898D0096D2BB /* TestView.swift */,
			);
			path = Test;
			sourceTree = "<group>";
		};
		E6E50DA52F12898D0096D2BB /* Theme */ = {
			isa = PBXGroup;
			children = (
				E6E50DA42F12898D0096D2BB /* ApocalypseTheme.swift */,
			);
			path = Theme;
			sourceTree = "<group>";
		};
		E6E50DAD2F12898D0096D2BB /* Views */ = {
			isa = PBXGroup;
			children = (
				E6C00BD32F28CE7F00C6AB01 /* Trade */,
				E6AFAD822F22BD100058275D /* Building */,
				STORE009A2F03000000000009 /* Store */,
				E6AFAD752F22B31B0058275D /* RootView.swift */,
				E6C38A9E2F12E046001005E9 /* EmptyStateView.swift */,
				E6E50DA82F12898D0096D2BB /* PlaceholderView.swift */,
				E6E50DAB2F12898D0096D2BB /* ProfileTabView.swift */,
				0D94A24A2F2B9DE1A622FB68 /* ProfileSettingsView.swift */,
				ED1TPR0F1L2E00000000001B /* EditProfileView.swift */,
				A1B2C3D40000000000000002 /* OnboardingView.swift */,
				A1B2C3D40000000000000004 /* SplashVideoView.swift */,
				E6E50DAC2F12898D0096D2BB /* ResourcesTabView.swift */,
				F77499581BB6EE9C59A383B4 /* Communication */,
				0018900ACD06501D2B3FB6E4 /* Tabs */,
			);
			path = Views;
			sourceTree = "<group>";
		};
		E6E50DB42F12898D0096D2BB /* EarthLord */ = {
			isa = PBXGroup;
			children = (
				E61D7CB32F23A0730088DCB4 /* Resources */,
				E6E50DD62F1298520096D2BB /* Models */,
				E6E50D872F12898D0096D2BB /* Auth */,
				E6E50D8A2F12898D0096D2BB /* Config */,
				E6E50D8C2F12898D0096D2BB /* Exploration */,
				E6E50D912F12898D0096D2BB /* Managers */,
				E6E50D952F12898D0096D2BB /* Map */,
				E6E50D992F12898D0096D2BB /* Tabs */,
				E6E50D9F2F12898D0096D2BB /* Territory */,
				E6E50DA32F12898D0096D2BB /* Test */,
				E6E50DA52F12898D0096D2BB /* Theme */,
				E6E50DAD2F12898D0096D2BB /* Views */,
				E6E50DAE2F12898D0096D2BB /* Assets.xcassets */,
				E6E50DAF2F12898D0096D2BB /* CollisionModels.swift */,
				E6E50DB02F12898D0096D2BB /* EarthLord.entitlements */,
				E6E50DB12F12898D0096D2BB /* EarthLordApp.swift */,
				E6E50DB22F12898D0096D2BB /* Info.plist */,
				INFOP002A2F04000000000002 /* InfoPlist.xcstrings */,
			);
			path = EarthLord;
			sourceTree = "<group>";
		};
		E6E50DD62F1298520096D2BB /* Models */ = {
			isa = PBXGroup;
			children = (
				E6C00BC32F28CDE200C6AB01 /* TradeModels.swift */,
				E6AFAD6D2F22ACAC0058275D /* BuildingModels.swift */,
				EBA4B57D86AA4709948D4FF9 /* DensityLevel.swift */,
				E62484F62F152D3B001B6ABC /* InventoryItem.swift */,
				E62484F42F152D31001B6ABC /* ExplorationReward.swift */,
				E6E50DD72F1298930096D2BB /* Item.swift */,
				E6E50DD92F1298D60096D2BB /* ExplorationModels.swift */,
				E6E50DDB2F1299070096D2BB /* MockExplorationData.swift */,
				5C987D042E72C465043FA761 /* AIGeneratedItem.swift */,
				E6C00C322F28E10F00C6AB01 /* TradeRPCParams.swift */,
				90D675FCD7251DE2CB147DEA /* CommunicationModels.swift */,
			);
			path = Models;
			sourceTree = "<group>";
		};
		F77499581BB6EE9C59A383B4 /* Communication */ = {
			isa = PBXGroup;
			children = (
				BB0A50F7171387A7E2643C5F /* DeviceManagementView.swift */,
				D3CB5E49A54A9630A0E62E50 /* MessageCenterView.swift */,
				167B01229078B7FF37507795 /* ChannelCenterView.swift */,
				691CD975EA07D0FF0F8D9033 /* PTTCallView.swift */,
				430F4CC11133F2D3E69DD09D /* ChannelListView.swift */,
				8CD338B4F101D81EC4F14990 /* CreateChannelSheet.swift */,
				3D9F15ACD7490D3FAD1398D9 /* ChannelDetailView.swift */,
				9837E678A4B84A48F946933C /* ChannelChatView.swift */,
				CA4D321796A6FFFE6C2C4246 /* OfficialChannelDetailView.swift */,
				0FD5BA2B77298E792E230915 /* MessageRowView.swift */,
				2F274079912C58F7B842211C /* CallsignSettingsSheet.swift */,
			);
			path = Communication;
			sourceTree = "<group>";
		};
		STORE009A2F03000000000009 /* Store */ = {
			isa = PBXGroup;
			children = (
				STORE002A2F03000000000002 /* StoreView.swift */,
				STORE003A2F03000000000003 /* SubscriptionCard.swift */,
				STORE004A2F03000000000004 /* ProductRow.swift */,
				STORE012A2F03000000000012 /* ProductDetailSheet.swift */,
				STORE011A2F03000000000011 /* VaultView.swift */,
			);
			path = Store;
			sourceTree = "<group>";
		};
/* End PBXGroup section */

/* Begin PBXNativeTarget section */
		E62B8A652EFABFFF00FFC7A0 /* EarthLord */ = {
			isa = PBXNativeTarget;
			buildConfigurationList = E62B8A712EFAC00100FFC7A0 /* Build configuration list for PBXNativeTarget "EarthLord" */;
			buildPhases = (
				E62B8A622EFABFFF00FFC7A0 /* Sources */,
				E62B8A632EFABFFF00FFC7A0 /* Frameworks */,
				E62B8A642EFABFFF00FFC7A0 /* Resources */,
			);
			buildRules = (
			);
			dependencies = (
			);
			fileSystemSynchronizedGroups = (
				E6422F2E2F22422F00610E97 /* Docs */,
			);
			name = EarthLord;
			packageProductDependencies = (
				E60C1BC42EFEABE3005E0B24 /* Supabase */,
				E605D0FF2F030AA3003D9861 /* GoogleSignIn */,
				E605D1012F030AA3003D9861 /* GoogleSignInSwift */,
			);
			productName = EarthLord;
			productReference = E632AFC02F12BECD0098D5EC /* EarthLord.app */;
			productType = "com.apple.product-type.application";
		};
/* End PBXNativeTarget section */

/* Begin PBXProject section */
		E62B8A5E2EFABFFF00FFC7A0 /* Project object */ = {
			isa = PBXProject;
			attributes = {
				BuildIndependentTargetsInParallel = 1;
				LastSwiftUpdateCheck = 2610;
				LastUpgradeCheck = 2610;
				TargetAttributes = {
					E62B8A652EFABFFF00FFC7A0 = {
						CreatedOnToolsVersion = 26.1.1;
					};
				};
			};
			buildConfigurationList = E62B8A612EFABFFF00FFC7A0 /* Build configuration list for PBXProject "EarthLord" */;
			developmentRegion = en;
			hasScannedForEncodings = 0;
			knownRegions = (
				en,
				"zh-Hans",
				Base,
			);
			mainGroup = E62B8A5D2EFABFFF00FFC7A0;
			minimizedProjectReferenceProxies = 1;
			packageReferences = (
				E60C1BC32EFEABE3005E0B24 /* XCRemoteSwiftPackageReference "supabase-swift" */,
				E605D0FE2F030AA3003D9861 /* XCRemoteSwiftPackageReference "GoogleSignIn-iOS" */,
			);
			preferredProjectObjectVersion = 77;
			productRefGroup = E62B8A5D2EFABFFF00FFC7A0;
			projectDirPath = "";
			projectRoot = "";
			targets = (
				E62B8A652EFABFFF00FFC7A0 /* EarthLord */,
			);
		};
/* End PBXProject section */

/* Begin PBXResourcesBuildPhase section */
		E62B8A642EFABFFF00FFC7A0 /* Resources */ = {
			isa = PBXResourcesBuildPhase;
			buildActionMask = 2147483647;
			files = (
				E6A35D472F353B2800542D38 /* splash_intro.mp4 in Resources */,
				E66247752F250BC70094BEBF /* Localizable.xcstrings in Resources */,
				INFOP001A2F04000000000001 /* InfoPlist.xcstrings in Resources */,
				E61D7CB42F23A0730088DCB4 /* building_templates.json in Resources */,
				E6E50DD32F12898D0096D2BB /* Assets.xcassets in Resources */,
			);
			runOnlyForDeploymentPostprocessing = 0;
		};
/* End PBXResourcesBuildPhase section */

/* Begin PBXSourcesBuildPhase section */
		E62B8A622EFABFFF00FFC7A0 /* Sources */ = {
			isa = PBXSourcesBuildPhase;
			buildActionMask = 2147483647;
			files = (
				B3AF75D4EBA04AC381C94C25 /* DensityLevel.swift in Sources */,
				E6E50DB52F12898D0096D2BB /* ProfileTabView.swift in Sources */,
				F8FA3C425BD3B92FF9810F4E /* ProfileSettingsView.swift in Sources */,
				ED1TPR0F1L2E00000000001A /* EditProfileView.swift in Sources */,
				A1B2C3D40000000000000001 /* OnboardingView.swift in Sources */,
				A1B2C3D40000000000000003 /* SplashVideoView.swift in Sources */,
				E6E50DB62F12898D0096D2BB /* TerritoryLogger.swift in Sources */,
				E6C00BD42F28CE7F00C6AB01 /* TradeMarketView.swift in Sources */,
				E6C00BD52F28CE7F00C6AB01 /* MyOfferCard.swift in Sources */,
				E6C00BD62F28CE7F00C6AB01 /* CreateTradeOfferView.swift in Sources */,
				E6C00BD72F28CE7F00C6AB01 /* TradeItemRow.swift in Sources */,
				E6C00BD82F28CE7F00C6AB01 /* MyOffersView.swift in Sources */,
				E6C00BD92F28CE7F00C6AB01 /* RateTradeSheet.swift in Sources */,
				E6C00BDA2F28CE7F00C6AB01 /* ItemPickerSheet.swift in Sources */,
				E6C00BDB2F28CE7F00C6AB01 /* TradeHistoryView.swift in Sources */,
				E6C00BDC2F28CE7F00C6AB01 /* TradeTabView.swift in Sources */,
				E6C00BDD2F28CE7F00C6AB01 /* MarketOfferCard.swift in Sources */,
				E6C00C0F2F28D1C000C6AB01 /* SupabaseService.swift in Sources */,
				E6C00BDE2F28CE7F00C6AB01 /* TradeHistoryCard.swift in Sources */,
				E6C00BDF2F28CE7F00C6AB01 /* TradeOfferDetailView.swift in Sources */,
				E6E50DB72F12898D0096D2BB /* PlaceholderView.swift in Sources */,
				E6E50DB82F12898D0096D2BB /* Territory.swift in Sources */,
				E6AFAD702F22ACF50058275D /* BuildingManager.swift in Sources */,
				E6AFAD832F22BD100058275D /* ResourceRow.swift in Sources */,
				E6AFAD842F22BD100058275D /* BuildingCard.swift in Sources */,
				E6AFAD852F22BD100058275D /* CategoryButton.swift in Sources */,
				E6AFAD862F22BD100058275D /* TerritoryBuildingRow.swift in Sources */,
				E6AFAD872F22BD100058275D /* BuildingBrowserView.swift in Sources */,
				E6AFAD882F22BD100058275D /* BuildingPlacementView.swift in Sources */,
				E6AFAD892F22BD100058275D /* BuildingLocationPickerView.swift in Sources */,
				E6E50DBA2F12898D0096D2BB /* TestMenuView.swift in Sources */,
				E6AFAD742F22B2940058275D /* TerritoryToolbarView.swift in Sources */,
				E6E50DBB2F12898D0096D2BB /* AuthManager.swift in Sources */,
				E6E50DBD2F12898D0096D2BB /* TestView.swift in Sources */,
				E6E50DBE2F12898D0096D2BB /* ApocalypseTheme.swift in Sources */,
				E62484F72F152D3B001B6ABC /* InventoryItem.swift in Sources */,
				E62484FB2F152D59001B6ABC /* InventoryManager.swift in Sources */,
				E6E50DD82F1298930096D2BB /* Item.swift in Sources */,
				E6C00BC62F28CE3D00C6AB01 /* TradeManager.swift in Sources */,
				E69FA4362F1CEBB900E53528 /* BackpackView.swift in Sources */,
				E69FA4372F1CEBB900E53528 /* ExplorationResultView.swift in Sources */,
				E69FA4382F1CEBB900E53528 /* POIListView.swift in Sources */,
				E6C00C332F28E10F00C6AB01 /* TradeRPCParams.swift in Sources */,
				E69FA4392F1CEBB900E53528 /* POIProximityPopup.swift in Sources */,
				E69FA43A2F1CEBB900E53528 /* ScavengeResultView.swift in Sources */,
				E6AFAD6E2F22ACAC0058275D /* BuildingModels.swift in Sources */,
				E6E50DC02F12898D0096D2BB /* LanguageManager.swift in Sources */,
				E6E50E012F12898D0096D2BB /* LocalizedString.swift in Sources */,
				E6E50DDC2F1299070096D2BB /* MockExplorationData.swift in Sources */,
				E6E50DC12F12898D0096D2BB /* TerritoryTestView.swift in Sources */,
				E62484F92F152D4D001B6ABC /* ExplorationManager.swift in Sources */,
				E6E50DC22F12898D0096D2BB /* TerritoryDetailView.swift in Sources */,
				E6E50DC32F12898D0096D2BB /* AppConfig.swift in Sources */,
				E6E50DC42F12898D0096D2BB /* CoordinateConverter.swift in Sources */,
				E6E50DC62F12898D0096D2BB /* ResourcesTabView.swift in Sources */,
				E6E50DC72F12898D0096D2BB /* CollisionModels.swift in Sources */,
				E6E50DC82F12898D0096D2BB /* MainTabView.swift in Sources */,
				E6E50DC92F12898D0096D2BB /* EarthLordApp.swift in Sources */,
				E62484FD2F152D66001B6ABC /* RewardGenerator.swift in Sources */,
				E68C12DB2F1A5983008967AA /* AIDebugView.swift in Sources */,
				E6E50DCA2F12898D0096D2BB /* MapTabView.swift in Sources */,
				E6E50DCB2F12898D0096D2BB /* SupabaseTestView.swift in Sources */,
				E6C38A9F2F12E046001005E9 /* EmptyStateView.swift in Sources */,
				E6E50DCC2F12898D0096D2BB /* TerritoryManager.swift in Sources */,
				E6E50DCE2F12898D0096D2BB /* LocationManager.swift in Sources */,
				E6C00BC42F28CDE200C6AB01 /* TradeModels.swift in Sources */,
				E6AFAD722F22B2870058275D /* TerritoryMapView.swift in Sources */,
				E6AFAD762F22B31B0058275D /* RootView.swift in Sources */,
				E6E50DCF2F12898D0096D2BB /* TerritoryTabView.swift in Sources */,
				E6E50DD02F12898D0096D2BB /* MapViewRepresentable.swift in Sources */,
				E6E50DD12F12898D0096D2BB /* AuthView.swift in Sources */,
				E6E50DDA2F1298D60096D2BB /* ExplorationModels.swift in Sources */,
				E62484F52F152D31001B6ABC /* ExplorationReward.swift in Sources */,
				44ACA1E4B2F68AAF641B3C3E /* POISearchManager.swift in Sources */,
				9CC3F860DB8F8CF9825F10DD /* PlayerPresenceManager.swift in Sources */,
				BB9574D75C92F777BD307A14 /* AIItemGenerator.swift in Sources */,
				F9D30270753ADA4325F4A2FD /* AIGeneratedItem.swift in Sources */,
				327387EF6837AB94B26C68DB /* DeviceManagementView.swift in Sources */,
				26B7C68CBC4136248BA15DD4 /* MessageCenterView.swift in Sources */,
				8DB5513183F1830AC31DF510 /* ChannelCenterView.swift in Sources */,
				DC44563DBC44356E1DB3A57B /* PTTCallView.swift in Sources */,
				BB3433424D632A4571EFCBD6 /* ChannelListView.swift in Sources */,
				3FCA99A3E75C61CE4DD6A1E0 /* CreateChannelSheet.swift in Sources */,
				CC60606032D9DFA15E698233 /* ChannelDetailView.swift in Sources */,
				7CEEAC80B0C02A773782A265 /* ChannelChatView.swift in Sources */,
				09168A96CE22B7A6E7B041B2 /* OfficialChannelDetailView.swift in Sources */,
				647822728B82DE7BD51B1562 /* CommunicationTabView.swift in Sources */,
				E12826C2630064A684075057 /* CommunicationModels.swift in Sources */,
				37F8CADDFEAFDEE2CD885F99 /* CommunicationManager.swift in Sources */,
				AD0AE0AE9B96B4DD9D657815 /* MessageDistanceFilter.swift in Sources */,
				75343A821E6D9B9EB1327ADD /* MessageRowView.swift in Sources */,
				F744270E89F30AA0AFD83D5A /* CallsignSettingsSheet.swift in Sources */,
				STORE005A2F03000000000005 /* StoreKitManager.swift in Sources */,
				STORE006A2F03000000000006 /* StoreView.swift in Sources */,
				STORE007A2F03000000000007 /* SubscriptionCard.swift in Sources */,
				STORE008A2F03000000000008 /* ProductRow.swift in Sources */,
				STORE013A2F03000000000013 /* ProductDetailSheet.swift in Sources */,
				STORE010A2F03000000000010 /* VaultView.swift in Sources */,
			);
			runOnlyForDeploymentPostprocessing = 0;
		};
/* End PBXSourcesBuildPhase section */

/* Begin XCBuildConfiguration section */
		E62B8A6F2EFAC00100FFC7A0 /* Debug */ = {
			isa = XCBuildConfiguration;
			buildSettings = {
				ALWAYS_SEARCH_USER_PATHS = NO;
				ASSETCATALOG_COMPILER_GENERATE_SWIFT_ASSET_SYMBOL_EXTENSIONS = YES;
				CLANG_ANALYZER_NONNULL = YES;
				CLANG_ANALYZER_NUMBER_OBJECT_CONVERSION = YES_AGGRESSIVE;
				CLANG_CXX_LANGUAGE_STANDARD = "gnu++20";
				CLANG_ENABLE_MODULES = YES;
				CLANG_ENABLE_OBJC_ARC = YES;
				CLANG_ENABLE_OBJC_WEAK = YES;
				CLANG_WARN_BLOCK_CAPTURE_AUTORELEASING = YES;
				CLANG_WARN_BOOL_CONVERSION = YES;
				CLANG_WARN_COMMA = YES;
				CLANG_WARN_CONSTANT_CONVERSION = YES;
				CLANG_WARN_DEPRECATED_OBJC_IMPLEMENTATIONS = YES;
				CLANG_WARN_DIRECT_OBJC_ISA_USAGE = YES_ERROR;
				CLANG_WARN_DOCUMENTATION_COMMENTS = YES;
				CLANG_WARN_EMPTY_BODY = YES;
				CLANG_WARN_ENUM_CONVERSION = YES;
				CLANG_WARN_INFINITE_RECURSION = YES;
				CLANG_WARN_INT_CONVERSION = YES;
				CLANG_WARN_NON_LITERAL_NULL_CONVERSION = YES;
				CLANG_WARN_OBJC_IMPLICIT_RETAIN_SELF = YES;
				CLANG_WARN_OBJC_LITERAL_CONVERSION = YES;
				CLANG_WARN_OBJC_ROOT_CLASS = YES_ERROR;
				CLANG_WARN_QUOTED_INCLUDE_IN_FRAMEWORK_HEADER = YES;
				CLANG_WARN_RANGE_LOOP_ANALYSIS = YES;
				CLANG_WARN_STRICT_PROTOTYPES = YES;
				CLANG_WARN_SUSPICIOUS_MOVE = YES;
				CLANG_WARN_UNGUARDED_AVAILABILITY = YES_AGGRESSIVE;
				CLANG_WARN_UNREACHABLE_CODE = YES;
				CLANG_WARN__DUPLICATE_METHOD_MATCH = YES;
				COPY_PHASE_STRIP = NO;
				DEBUG_INFORMATION_FORMAT = dwarf;
				DEVELOPMENT_TEAM = 3BVN5YA2U5;
				ENABLE_STRICT_OBJC_MSGSEND = YES;
				ENABLE_TESTABILITY = YES;
				ENABLE_USER_SCRIPT_SANDBOXING = YES;
				GCC_C_LANGUAGE_STANDARD = gnu17;
				GCC_DYNAMIC_NO_PIC = NO;
				GCC_NO_COMMON_BLOCKS = YES;
				GCC_OPTIMIZATION_LEVEL = 0;
				GCC_PREPROCESSOR_DEFINITIONS = (
					"DEBUG=1",
					"$(inherited)",
				);
				GCC_WARN_64_TO_32_BIT_CONVERSION = YES;
				GCC_WARN_ABOUT_RETURN_TYPE = YES_ERROR;
				GCC_WARN_UNDECLARED_SELECTOR = YES;
				GCC_WARN_UNINITIALIZED_AUTOS = YES_AGGRESSIVE;
				GCC_WARN_UNUSED_FUNCTION = YES;
				GCC_WARN_UNUSED_VARIABLE = YES;
				IPHONEOS_DEPLOYMENT_TARGET = 26.1;
				LOCALIZATION_PREFERS_STRING_CATALOGS = YES;
				MTL_ENABLE_DEBUG_INFO = INCLUDE_SOURCE;
				MTL_FAST_MATH = YES;
				ONLY_ACTIVE_ARCH = YES;
				SDKROOT = iphoneos;
				SWIFT_ACTIVE_COMPILATION_CONDITIONS = "DEBUG $(inherited)";
				SWIFT_EMIT_LOC_STRINGS = YES;
				SWIFT_OPTIMIZATION_LEVEL = "-Onone";
			};
			name = Debug;
		};
		E62B8A702EFAC00100FFC7A0 /* Release */ = {
			isa = XCBuildConfiguration;
			buildSettings = {
				ALWAYS_SEARCH_USER_PATHS = NO;
				ASSETCATALOG_COMPILER_GENERATE_SWIFT_ASSET_SYMBOL_EXTENSIONS = YES;
				CLANG_ANALYZER_NONNULL = YES;
				CLANG_ANALYZER_NUMBER_OBJECT_CONVERSION = YES_AGGRESSIVE;
				CLANG_CXX_LANGUAGE_STANDARD = "gnu++20";
				CLANG_ENABLE_MODULES = YES;
				CLANG_ENABLE_OBJC_ARC = YES;
				CLANG_ENABLE_OBJC_WEAK = YES;
				CLANG_WARN_BLOCK_CAPTURE_AUTORELEASING = YES;
				CLANG_WARN_BOOL_CONVERSION = YES;
				CLANG_WARN_COMMA = YES;
				CLANG_WARN_CONSTANT_CONVERSION = YES;
				CLANG_WARN_DEPRECATED_OBJC_IMPLEMENTATIONS = YES;
				CLANG_WARN_DIRECT_OBJC_ISA_USAGE = YES_ERROR;
				CLANG_WARN_DOCUMENTATION_COMMENTS = YES;
				CLANG_WARN_EMPTY_BODY = YES;
				CLANG_WARN_ENUM_CONVERSION = YES;
				CLANG_WARN_INFINITE_RECURSION = YES;
				CLANG_WARN_INT_CONVERSION = YES;
				CLANG_WARN_NON_LITERAL_NULL_CONVERSION = YES;
				CLANG_WARN_OBJC_IMPLICIT_RETAIN_SELF = YES;
				CLANG_WARN_OBJC_LITERAL_CONVERSION = YES;
				CLANG_WARN_OBJC_ROOT_CLASS = YES_ERROR;
				CLANG_WARN_QUOTED_INCLUDE_IN_FRAMEWORK_HEADER = YES;
				CLANG_WARN_RANGE_LOOP_ANALYSIS = YES;
				CLANG_WARN_STRICT_PROTOTYPES = YES;
				CLANG_WARN_SUSPICIOUS_MOVE = YES;
				CLANG_WARN_UNGUARDED_AVAILABILITY = YES_AGGRESSIVE;
				CLANG_WARN_UNREACHABLE_CODE = YES;
				CLANG_WARN__DUPLICATE_METHOD_MATCH = YES;
				COPY_PHASE_STRIP = NO;
				DEBUG_INFORMATION_FORMAT = "dwarf-with-dsym";
				DEVELOPMENT_TEAM = 3BVN5YA2U5;
				ENABLE_NS_ASSERTIONS = NO;
				ENABLE_STRICT_OBJC_MSGSEND = YES;
				ENABLE_USER_SCRIPT_SANDBOXING = YES;
				GCC_C_LANGUAGE_STANDARD = gnu17;
				GCC_NO_COMMON_BLOCKS = YES;
				GCC_WARN_64_TO_32_BIT_CONVERSION = YES;
				GCC_WARN_ABOUT_RETURN_TYPE = YES_ERROR;
				GCC_WARN_UNDECLARED_SELECTOR = YES;
				GCC_WARN_UNINITIALIZED_AUTOS = YES_AGGRESSIVE;
				GCC_WARN_UNUSED_FUNCTION = YES;
				GCC_WARN_UNUSED_VARIABLE = YES;
				IPHONEOS_DEPLOYMENT_TARGET = 26.1;
				LOCALIZATION_PREFERS_STRING_CATALOGS = YES;
				MTL_ENABLE_DEBUG_INFO = NO;
				MTL_FAST_MATH = YES;
				SDKROOT = iphoneos;
				SWIFT_COMPILATION_MODE = wholemodule;
				SWIFT_EMIT_LOC_STRINGS = YES;
				VALIDATE_PRODUCT = YES;
			};
			name = Release;
		};
		E62B8A722EFAC00100FFC7A0 /* Debug */ = {
			isa = XCBuildConfiguration;
			buildSettings = {
				ASSETCATALOG_COMPILER_APPICON_NAME = AppIcon;
				ASSETCATALOG_COMPILER_GLOBAL_ACCENT_COLOR_NAME = AccentColor;
				CODE_SIGN_ENTITLEMENTS = EarthLord/EarthLord.entitlements;
				CODE_SIGN_STYLE = Automatic;
				CURRENT_PROJECT_VERSION = 1;
				DEVELOPMENT_TEAM = 3BVN5YA2U5;
				ENABLE_PREVIEWS = YES;
				GENERATE_INFOPLIST_FILE = YES;
				INFOPLIST_FILE = EarthLord/Info.plist;
				INFOPLIST_KEY_CFBundleDisplayName = SectorZero;
				INFOPLIST_KEY_NSLocationAlwaysAndWhenInUseUsageDescription = "SectorZero needs continuous location access so territory claiming and exploration can keep tracking your path even when the screen is locked.";
				INFOPLIST_KEY_NSLocationWhenInUseUsageDescription = "SectorZero requires your location to display your coordinates in the wasteland and help you explore and establish resonance zones.";
				INFOPLIST_KEY_UIApplicationSceneManifest_Generation = YES;
				INFOPLIST_KEY_UIApplicationSupportsIndirectInputEvents = YES;
				INFOPLIST_KEY_UILaunchScreen_Generation = YES;
				INFOPLIST_KEY_UISupportedInterfaceOrientations_iPad = "UIInterfaceOrientationPortrait UIInterfaceOrientationPortraitUpsideDown UIInterfaceOrientationLandscapeLeft UIInterfaceOrientationLandscapeRight";
				INFOPLIST_KEY_UISupportedInterfaceOrientations_iPhone = "UIInterfaceOrientationPortrait UIInterfaceOrientationLandscapeLeft UIInterfaceOrientationLandscapeRight";
				LD_RUNPATH_SEARCH_PATHS = (
					"$(inherited)",
					"@executable_path/Frameworks",
				);
				MARKETING_VERSION = 1.0;
				PRODUCT_BUNDLE_IDENTIFIER = com.yuleira.EarthLord;
				PRODUCT_NAME = "$(TARGET_NAME)";
				STRING_CATALOG_GENERATE_SYMBOLS = YES;
				SWIFT_APPROACHABLE_CONCURRENCY = YES;
				SWIFT_DEFAULT_ACTOR_ISOLATION = MainActor;
				SWIFT_EMIT_LOC_STRINGS = YES;
				SWIFT_UPCOMING_FEATURE_MEMBER_IMPORT_VISIBILITY = YES;
				SWIFT_VERSION = 5.0;
				TARGETED_DEVICE_FAMILY = "1,2";
			};
			name = Debug;
		};
		E62B8A732EFAC00100FFC7A0 /* Release */ = {
			isa = XCBuildConfiguration;
			buildSettings = {
				ASSETCATALOG_COMPILER_APPICON_NAME = AppIcon;
				ASSETCATALOG_COMPILER_GLOBAL_ACCENT_COLOR_NAME = AccentColor;
				CODE_SIGN_ENTITLEMENTS = EarthLord/EarthLord.entitlements;
				CODE_SIGN_STYLE = Automatic;
				CURRENT_PROJECT_VERSION = 1;
				DEVELOPMENT_TEAM = 3BVN5YA2U5;
				ENABLE_PREVIEWS = YES;
				GENERATE_INFOPLIST_FILE = YES;
				INFOPLIST_FILE = EarthLord/Info.plist;
				INFOPLIST_KEY_CFBundleDisplayName = SectorZero;
				INFOPLIST_KEY_NSLocationAlwaysAndWhenInUseUsageDescription = "SectorZero needs continuous location access so territory claiming and exploration can keep tracking your path even when the screen is locked.";
				INFOPLIST_KEY_NSLocationWhenInUseUsageDescription = "SectorZero requires your location to display your coordinates in the wasteland and help you explore and establish resonance zones.";
				INFOPLIST_KEY_UIApplicationSceneManifest_Generation = YES;
				INFOPLIST_KEY_UIApplicationSupportsIndirectInputEvents = YES;
				INFOPLIST_KEY_UILaunchScreen_Generation = YES;
				INFOPLIST_KEY_UISupportedInterfaceOrientations_iPad = "UIInterfaceOrientationPortrait UIInterfaceOrientationPortraitUpsideDown UIInterfaceOrientationLandscapeLeft UIInterfaceOrientationLandscapeRight";
				INFOPLIST_KEY_UISupportedInterfaceOrientations_iPhone = "UIInterfaceOrientationPortrait UIInterfaceOrientationLandscapeLeft UIInterfaceOrientationLandscapeRight";
				LD_RUNPATH_SEARCH_PATHS = (
					"$(inherited)",
					"@executable_path/Frameworks",
				);
				MARKETING_VERSION = 1.0;
				PRODUCT_BUNDLE_IDENTIFIER = com.yuleira.EarthLord;
				PRODUCT_NAME = "$(TARGET_NAME)";
				STRING_CATALOG_GENERATE_SYMBOLS = YES;
				SWIFT_APPROACHABLE_CONCURRENCY = YES;
				SWIFT_DEFAULT_ACTOR_ISOLATION = MainActor;
				SWIFT_EMIT_LOC_STRINGS = YES;
				SWIFT_UPCOMING_FEATURE_MEMBER_IMPORT_VISIBILITY = YES;
				SWIFT_VERSION = 5.0;
				TARGETED_DEVICE_FAMILY = "1,2";
			};
			name = Release;
		};
/* End XCBuildConfiguration section */

/* Begin XCConfigurationList section */
		E62B8A612EFABFFF00FFC7A0 /* Build configuration list for PBXProject "EarthLord" */ = {
			isa = XCConfigurationList;
			buildConfigurations = (
				E62B8A6F2EFAC00100FFC7A0 /* Debug */,
				E62B8A702EFAC00100FFC7A0 /* Release */,
			);
			defaultConfigurationIsVisible = 0;
			defaultConfigurationName = Release;
		};
		E62B8A712EFAC00100FFC7A0 /* Build configuration list for PBXNativeTarget "EarthLord" */ = {
			isa = XCConfigurationList;
			buildConfigurations = (
				E62B8A722EFAC00100FFC7A0 /* Debug */,
				E62B8A732EFAC00100FFC7A0 /* Release */,
			);
			defaultConfigurationIsVisible = 0;
			defaultConfigurationName = Release;
		};
/* End XCConfigurationList section */

/* Begin XCRemoteSwiftPackageReference section */
		E605D0FE2F030AA3003D9861 /* XCRemoteSwiftPackageReference "GoogleSignIn-iOS" */ = {
			isa = XCRemoteSwiftPackageReference;
			repositoryURL = "https://github.com/google/GoogleSignIn-iOS";
			requirement = {
				kind = upToNextMajorVersion;
				minimumVersion = 9.0.0;
			};
		};
		E60C1BC32EFEABE3005E0B24 /* XCRemoteSwiftPackageReference "supabase-swift" */ = {
			isa = XCRemoteSwiftPackageReference;
			repositoryURL = "https://github.com/supabase/supabase-swift";
			requirement = {
				kind = upToNextMajorVersion;
				minimumVersion = 2.5.1;
			};
		};
/* End XCRemoteSwiftPackageReference section */

/* Begin XCSwiftPackageProductDependency section */
		E605D0FF2F030AA3003D9861 /* GoogleSignIn */ = {
			isa = XCSwiftPackageProductDependency;
			package = E605D0FE2F030AA3003D9861 /* XCRemoteSwiftPackageReference "GoogleSignIn-iOS" */;
			productName = GoogleSignIn;
		};
		E605D1012F030AA3003D9861 /* GoogleSignInSwift */ = {
			isa = XCSwiftPackageProductDependency;
			package = E605D0FE2F030AA3003D9861 /* XCRemoteSwiftPackageReference "GoogleSignIn-iOS" */;
			productName = GoogleSignInSwift;
		};
		E60C1BC42EFEABE3005E0B24 /* Supabase */ = {
			isa = XCSwiftPackageProductDependency;
			package = E60C1BC32EFEABE3005E0B24 /* XCRemoteSwiftPackageReference "supabase-swift" */;
			productName = Supabase;
		};
/* End XCSwiftPackageProductDependency section */
	};
	rootObject = E62B8A5E2EFABFFF00FFC7A0 /* Project object */;
}
